// !$*UTF8*$!
{
	archiveVersion = 1;
	classes = {
	};
	objectVersion = 46;
	objects = {

/* Begin PBXBuildFile section */
		DDC0AF8D1CC623D400B669A1 /* main.m in Sources */ = {isa = PBXBuildFile; fileRef = DDC0AF8C1CC623D400B669A1 /* main.m */; };
		DDC0AF901CC623D400B669A1 /* AppDelegate.m in Sources */ = {isa = PBXBuildFile; fileRef = DDC0AF8F1CC623D400B669A1 /* AppDelegate.m */; };
		DDC0AF931CC623D400B669A1 /* ViewController.m in Sources */ = {isa = PBXBuildFile; fileRef = DDC0AF921CC623D400B669A1 /* ViewController.m */; };
		DDC0AF961CC623D400B669A1 /* Main.storyboard in Resources */ = {isa = PBXBuildFile; fileRef = DDC0AF941CC623D400B669A1 /* Main.storyboard */; };
		DDC0AF981CC623D400B669A1 /* Assets.xcassets in Resources */ = {isa = PBXBuildFile; fileRef = DDC0AF971CC623D400B669A1 /* Assets.xcassets */; };
		DDC0AF9B1CC623D400B669A1 /* LaunchScreen.storyboard in Resources */ = {isa = PBXBuildFile; fileRef = DDC0AF991CC623D400B669A1 /* LaunchScreen.storyboard */; };
		DDC0AFA61CC623D400B669A1 /* Smart_LampTests.m in Sources */ = {isa = PBXBuildFile; fileRef = DDC0AFA51CC623D400B669A1 /* Smart_LampTests.m */; };
		DDC0AFB11CC623D500B669A1 /* Smart_LampUITests.m in Sources */ = {isa = PBXBuildFile; fileRef = DDC0AFB01CC623D500B669A1 /* Smart_LampUITests.m */; };
/* End PBXBuildFile section */

/* Begin PBXContainerItemProxy section */
		DDC0AFA21CC623D400B669A1 /* PBXContainerItemProxy */ = {
			isa = PBXContainerItemProxy;
			containerPortal = DDC0AF801CC623D400B669A1 /* Project object */;
			proxyType = 1;
			remoteGlobalIDString = DDC0AF871CC623D400B669A1;
			remoteInfo = "Smart Lamp";
		};
		DDC0AFAD1CC623D500B669A1 /* PBXContainerItemProxy */ = {
			isa = PBXContainerItemProxy;
			containerPortal = DDC0AF801CC623D400B669A1 /* Project object */;
			proxyType = 1;
			remoteGlobalIDString = DDC0AF871CC623D400B669A1;
			remoteInfo = "Smart Lamp";
		};
/* End PBXContainerItemProxy section */

/* Begin PBXFileReference section */
		DDC0AF881CC623D400B669A1 /* Smart Lamp.app */ = {isa = PBXFileReference; explicitFileType = wrapper.application; includeInIndex = 0; path = "Smart Lamp.app"; sourceTree = BUILT_PRODUCTS_DIR; };
		DDC0AF8C1CC623D400B669A1 /* main.m */ = {isa = PBXFileReference; lastKnownFileType = sourcecode.c.objc; path = main.m; sourceTree = "<group>"; };
		DDC0AF8E1CC623D400B669A1 /* AppDelegate.h */ = {isa = PBXFileReference; lastKnownFileType = sourcecode.c.h; path = AppDelegate.h; sourceTree = "<group>"; };
		DDC0AF8F1CC623D400B669A1 /* AppDelegate.m */ = {isa = PBXFileReference; lastKnownFileType = sourcecode.c.objc; path = AppDelegate.m; sourceTree = "<group>"; };
		DDC0AF911CC623D400B669A1 /* ViewController.h */ = {isa = PBXFileReference; lastKnownFileType = sourcecode.c.h; path = ViewController.h; sourceTree = "<group>"; };
		DDC0AF921CC623D400B669A1 /* ViewController.m */ = {isa = PBXFileReference; lastKnownFileType = sourcecode.c.objc; path = ViewController.m; sourceTree = "<group>"; };
		DDC0AF951CC623D400B669A1 /* Base */ = {isa = PBXFileReference; lastKnownFileType = file.storyboard; name = Base; path = Base.lproj/Main.storyboard; sourceTree = "<group>"; };
		DDC0AF971CC623D400B669A1 /* Assets.xcassets */ = {isa = PBXFileReference; lastKnownFileType = folder.assetcatalog; path = Assets.xcassets; sourceTree = "<group>"; };
		DDC0AF9A1CC623D400B669A1 /* Base */ = {isa = PBXFileReference; lastKnownFileType = file.storyboard; name = Base; path = Base.lproj/LaunchScreen.storyboard; sourceTree = "<group>"; };
		DDC0AF9C1CC623D400B669A1 /* Info.plist */ = {isa = PBXFileReference; lastKnownFileType = text.plist.xml; path = Info.plist; sourceTree = "<group>"; };
		DDC0AFA11CC623D400B669A1 /* Smart LampTests.xctest */ = {isa = PBXFileReference; explicitFileType = wrapper.cfbundle; includeInIndex = 0; path = "Smart LampTests.xctest"; sourceTree = BUILT_PRODUCTS_DIR; };
		DDC0AFA51CC623D400B669A1 /* Smart_LampTests.m */ = {isa = PBXFileReference; lastKnownFileType = sourcecode.c.objc; path = Smart_LampTests.m; sourceTree = "<group>"; };
		DDC0AFA71CC623D400B669A1 /* Info.plist */ = {isa = PBXFileReference; lastKnownFileType = text.plist.xml; path = Info.plist; sourceTree = "<group>"; };
		DDC0AFAC1CC623D500B669A1 /* Smart LampUITests.xctest */ = {isa = PBXFileReference; explicitFileType = wrapper.cfbundle; includeInIndex = 0; path = "Smart LampUITests.xctest"; sourceTree = BUILT_PRODUCTS_DIR; };
		DDC0AFB01CC623D500B669A1 /* Smart_LampUITests.m */ = {isa = PBXFileReference; lastKnownFileType = sourcecode.c.objc; path = Smart_LampUITests.m; sourceTree = "<group>"; };
		DDC0AFB21CC623D500B669A1 /* Info.plist */ = {isa = PBXFileReference; lastKnownFileType = text.plist.xml; path = Info.plist; sourceTree = "<group>"; };
/* End PBXFileReference section */

/* Begin PBXFrameworksBuildPhase section */
		DDC0AF851CC623D400B669A1 /* Frameworks */ = {
			isa = PBXFrameworksBuildPhase;
			buildActionMask = 2147483647;
			files = (
			);
			runOnlyForDeploymentPostprocessing = 0;
		};
		DDC0AF9E1CC623D400B669A1 /* Frameworks */ = {
			isa = PBXFrameworksBuildPhase;
			buildActionMask = 2147483647;
			files = (
			);
			runOnlyForDeploymentPostprocessing = 0;
		};
		DDC0AFA91CC623D500B669A1 /* Frameworks */ = {
			isa = PBXFrameworksBuildPhase;
			buildActionMask = 2147483647;
			files = (
			);
			runOnlyForDeploymentPostprocessing = 0;
		};
/* End PBXFrameworksBuildPhase section */

/* Begin PBXGroup section */
		DDC0AF7F1CC623D400B669A1 = {
			isa = PBXGroup;
			children = (
				DDC0AF8A1CC623D400B669A1 /* Smart Lamp */,
				DDC0AFA41CC623D400B669A1 /* Smart LampTests */,
				DDC0AFAF1CC623D500B669A1 /* Smart LampUITests */,
				DDC0AF891CC623D400B669A1 /* Products */,
			);
			sourceTree = "<group>";
		};
		DDC0AF891CC623D400B669A1 /* Products */ = {
			isa = PBXGroup;
			children = (
				DDC0AF881CC623D400B669A1 /* Smart Lamp.app */,
				DDC0AFA11CC623D400B669A1 /* Smart LampTests.xctest */,
				DDC0AFAC1CC623D500B669A1 /* Smart LampUITests.xctest */,
			);
			name = Products;
			sourceTree = "<group>";
		};
		DDC0AF8A1CC623D400B669A1 /* Smart Lamp */ = {
			isa = PBXGroup;
			children = (
				DDC0AF8E1CC623D400B669A1 /* AppDelegate.h */,
				DDC0AF8F1CC623D400B669A1 /* AppDelegate.m */,
				DDC0AF911CC623D400B669A1 /* ViewController.h */,
				DDC0AF921CC623D400B669A1 /* ViewController.m */,
				DDC0AF941CC623D400B669A1 /* Main.storyboard */,
				DDC0AF971CC623D400B669A1 /* Assets.xcassets */,
				DDC0AF991CC623D400B669A1 /* LaunchScreen.storyboard */,
				DDC0AF9C1CC623D400B669A1 /* Info.plist */,
				DDC0AF8B1CC623D400B669A1 /* Supporting Files */,
			);
			path = "Smart Lamp";
			sourceTree = "<group>";
		};
		DDC0AF8B1CC623D400B669A1 /* Supporting Files */ = {
			isa = PBXGroup;
			children = (
				DDC0AF8C1CC623D400B669A1 /* main.m */,
			);
			name = "Supporting Files";
			sourceTree = "<group>";
		};
		DDC0AFA41CC623D400B669A1 /* Smart LampTests */ = {
			isa = PBXGroup;
			children = (
				DDC0AFA51CC623D400B669A1 /* Smart_LampTests.m */,
				DDC0AFA71CC623D400B669A1 /* Info.plist */,
			);
			path = "Smart LampTests";
			sourceTree = "<group>";
		};
		DDC0AFAF1CC623D500B669A1 /* Smart LampUITests */ = {
			isa = PBXGroup;
			children = (
				DDC0AFB01CC623D500B669A1 /* Smart_LampUITests.m */,
				DDC0AFB21CC623D500B669A1 /* Info.plist */,
			);
			path = "Smart LampUITests";
			sourceTree = "<group>";
		};
/* End PBXGroup section */

/* Begin PBXNativeTarget section */
		DDC0AF871CC623D400B669A1 /* Smart Lamp */ = {
			isa = PBXNativeTarget;
			buildConfigurationList = DDC0AFB51CC623D500B669A1 /* Build configuration list for PBXNativeTarget "Smart Lamp" */;
			buildPhases = (
				DDC0AF841CC623D400B669A1 /* Sources */,
				DDC0AF851CC623D400B669A1 /* Frameworks */,
				DDC0AF861CC623D400B669A1 /* Resources */,
			);
			buildRules = (
			);
			dependencies = (
			);
			name = "Smart Lamp";
			productName = "Smart Lamp";
			productReference = DDC0AF881CC623D400B669A1 /* Smart Lamp.app */;
			productType = "com.apple.product-type.application";
		};
		DDC0AFA01CC623D400B669A1 /* Smart LampTests */ = {
			isa = PBXNativeTarget;
			buildConfigurationList = DDC0AFB81CC623D500B669A1 /* Build configuration list for PBXNativeTarget "Smart LampTests" */;
			buildPhases = (
				DDC0AF9D1CC623D400B669A1 /* Sources */,
				DDC0AF9E1CC623D400B669A1 /* Frameworks */,
				DDC0AF9F1CC623D400B669A1 /* Resources */,
			);
			buildRules = (
			);
			dependencies = (
				DDC0AFA31CC623D400B669A1 /* PBXTargetDependency */,
			);
			name = "Smart LampTests";
			productName = "Smart LampTests";
			productReference = DDC0AFA11CC623D400B669A1 /* Smart LampTests.xctest */;
			productType = "com.apple.product-type.bundle.unit-test";
		};
		DDC0AFAB1CC623D500B669A1 /* Smart LampUITests */ = {
			isa = PBXNativeTarget;
			buildConfigurationList = DDC0AFBB1CC623D500B669A1 /* Build configuration list for PBXNativeTarget "Smart LampUITests" */;
			buildPhases = (
				DDC0AFA81CC623D500B669A1 /* Sources */,
				DDC0AFA91CC623D500B669A1 /* Frameworks */,
				DDC0AFAA1CC623D500B669A1 /* Resources */,
			);
			buildRules = (
			);
			dependencies = (
				DDC0AFAE1CC623D500B669A1 /* PBXTargetDependency */,
			);
			name = "Smart LampUITests";
			productName = "Smart LampUITests";
			productReference = DDC0AFAC1CC623D500B669A1 /* Smart LampUITests.xctest */;
			productType = "com.apple.product-type.bundle.ui-testing";
		};
/* End PBXNativeTarget section */

/* Begin PBXProject section */
		DDC0AF801CC623D400B669A1 /* Project object */ = {
			isa = PBXProject;
			attributes = {
				CLASSPREFIX = AT;
				LastUpgradeCheck = 0730;
				ORGANIZATIONNAME = "Titan Studio";
				TargetAttributes = {
					DDC0AF871CC623D400B669A1 = {
						CreatedOnToolsVersion = 7.3;
						DevelopmentTeam = 6C36HX8DP4;
					};
					DDC0AFA01CC623D400B669A1 = {
						CreatedOnToolsVersion = 7.3;
						DevelopmentTeam = 6C36HX8DP4;
						TestTargetID = DDC0AF871CC623D400B669A1;
					};
					DDC0AFAB1CC623D500B669A1 = {
						CreatedOnToolsVersion = 7.3;
						DevelopmentTeam = 6C36HX8DP4;
						TestTargetID = DDC0AF871CC623D400B669A1;
					};
				};
			};
			buildConfigurationList = DDC0AF831CC623D400B669A1 /* Build configuration list for PBXProject "Smart Lamp" */;
			compatibilityVersion = "Xcode 3.2";
			developmentRegion = English;
			hasScannedForEncodings = 0;
			knownRegions = (
				en,
				Base,
			);
			mainGroup = DDC0AF7F1CC623D400B669A1;
			productRefGroup = DDC0AF891CC623D400B669A1 /* Products */;
			projectDirPath = "";
			projectRoot = "";
			targets = (
				DDC0AF871CC623D400B669A1 /* Smart Lamp */,
				DDC0AFA01CC623D400B669A1 /* Smart LampTests */,
				DDC0AFAB1CC623D500B669A1 /* Smart LampUITests */,
			);
		};
/* End PBXProject section */

/* Begin PBXResourcesBuildPhase section */
		DDC0AF861CC623D400B669A1 /* Resources */ = {
			isa = PBXResourcesBuildPhase;
			buildActionMask = 2147483647;
			files = (
				DDC0AF9B1CC623D400B669A1 /* LaunchScreen.storyboard in Resources */,
				DDC0AF981CC623D400B669A1 /* Assets.xcassets in Resources */,
				DDC0AF961CC623D400B669A1 /* Main.storyboard in Resources */,
			);
			runOnlyForDeploymentPostprocessing = 0;
		};
		DDC0AF9F1CC623D400B669A1 /* Resources */ = {
			isa = PBXResourcesBuildPhase;
			buildActionMask = 2147483647;
			files = (
			);
			runOnlyForDeploymentPostprocessing = 0;
		};
		DDC0AFAA1CC623D500B669A1 /* Resources */ = {
			isa = PBXResourcesBuildPhase;
			buildActionMask = 2147483647;
			files = (
			);
			runOnlyForDeploymentPostprocessing = 0;
		};
/* End PBXResourcesBuildPhase section */

/* Begin PBXSourcesBuildPhase section */
		DDC0AF841CC623D400B669A1 /* Sources */ = {
			isa = PBXSourcesBuildPhase;
			buildActionMask = 2147483647;
			files = (
				DDC0AF931CC623D400B669A1 /* ViewController.m in Sources */,
				DDC0AF901CC623D400B669A1 /* AppDelegate.m in Sources */,
				DDC0AF8D1CC623D400B669A1 /* main.m in Sources */,
			);
			runOnlyForDeploymentPostprocessing = 0;
		};
		DDC0AF9D1CC623D400B669A1 /* Sources */ = {
			isa = PBXSourcesBuildPhase;
			buildActionMask = 2147483647;
			files = (
				DDC0AFA61CC623D400B669A1 /* Smart_LampTests.m in Sources */,
			);
			runOnlyForDeploymentPostprocessing = 0;
		};
		DDC0AFA81CC623D500B669A1 /* Sources */ = {
			isa = PBXSourcesBuildPhase;
			buildActionMask = 2147483647;
			files = (
				DDC0AFB11CC623D500B669A1 /* Smart_LampUITests.m in Sources */,
			);
			runOnlyForDeploymentPostprocessing = 0;
		};
/* End PBXSourcesBuildPhase section */

/* Begin PBXTargetDependency section */
		DDC0AFA31CC623D400B669A1 /* PBXTargetDependency */ = {
			isa = PBXTargetDependency;
			target = DDC0AF871CC623D400B669A1 /* Smart Lamp */;
			targetProxy = DDC0AFA21CC623D400B669A1 /* PBXContainerItemProxy */;
		};
		DDC0AFAE1CC623D500B669A1 /* PBXTargetDependency */ = {
			isa = PBXTargetDependency;
			target = DDC0AF871CC623D400B669A1 /* Smart Lamp */;
			targetProxy = DDC0AFAD1CC623D500B669A1 /* PBXContainerItemProxy */;
		};
/* End PBXTargetDependency section */

/* Begin PBXVariantGroup section */
		DDC0AF941CC623D400B669A1 /* Main.storyboard */ = {
			isa = PBXVariantGroup;
			children = (
				DDC0AF951CC623D400B669A1 /* Base */,
			);
			name = Main.storyboard;
			sourceTree = "<group>";
		};
		DDC0AF991CC623D400B669A1 /* LaunchScreen.storyboard */ = {
			isa = PBXVariantGroup;
			children = (
				DDC0AF9A1CC623D400B669A1 /* Base */,
			);
			name = LaunchScreen.storyboard;
			sourceTree = "<group>";
		};
/* End PBXVariantGroup section */

/* Begin XCBuildConfiguration section */
		DDC0AFB31CC623D500B669A1 /* Debug */ = {
			isa = XCBuildConfiguration;
			buildSettings = {
				ALWAYS_SEARCH_USER_PATHS = NO;
				CLANG_ANALYZER_NONNULL = YES;
				CLANG_CXX_LANGUAGE_STANDARD = "gnu++0x";
				CLANG_CXX_LIBRARY = "libc++";
				CLANG_ENABLE_MODULES = YES;
				CLANG_ENABLE_OBJC_ARC = YES;
				CLANG_WARN_BOOL_CONVERSION = YES;
				CLANG_WARN_CONSTANT_CONVERSION = YES;
				CLANG_WARN_DIRECT_OBJC_ISA_USAGE = YES_ERROR;
				CLANG_WARN_EMPTY_BODY = YES;
				CLANG_WARN_ENUM_CONVERSION = YES;
				CLANG_WARN_INT_CONVERSION = YES;
				CLANG_WARN_OBJC_ROOT_CLASS = YES_ERROR;
				CLANG_WARN_UNREACHABLE_CODE = YES;
				CLANG_WARN__DUPLICATE_METHOD_MATCH = YES;
				"CODE_SIGN_IDENTITY[sdk=iphoneos*]" = "iPhone Developer";
				COPY_PHASE_STRIP = NO;
				DEBUG_INFORMATION_FORMAT = dwarf;
				ENABLE_STRICT_OBJC_MSGSEND = YES;
				ENABLE_TESTABILITY = YES;
				GCC_C_LANGUAGE_STANDARD = gnu99;
				GCC_DYNAMIC_NO_PIC = NO;
				GCC_NO_COMMON_BLOCKS = YES;
				GCC_OPTIMIZATION_LEVEL = 0;
				GCC_PREPROCESSOR_DEFINITIONS = (
					"DEBUG=1",
					"$(inherited)",
				);
				GCC_WARN_64_TO_32_BIT_CONVERSION = YES;
				GCC_WARN_ABOUT_RETURN_TYPE = YES_ERROR;
				GCC_WARN_UNDECLARED_SELECTOR = YES;
				GCC_WARN_UNINITIALIZED_AUTOS = YES_AGGRESSIVE;
				GCC_WARN_UNUSED_FUNCTION = YES;
				GCC_WARN_UNUSED_VARIABLE = YES;
				IPHONEOS_DEPLOYMENT_TARGET = 8.0;
				MTL_ENABLE_DEBUG_INFO = YES;
				ONLY_ACTIVE_ARCH = YES;
				SDKROOT = iphoneos;
				TARGETED_DEVICE_FAMILY = "1,2";
			};
			name = Debug;
		};
		DDC0AFB41CC623D500B669A1 /* Release */ = {
			isa = XCBuildConfiguration;
			buildSettings = {
				ALWAYS_SEARCH_USER_PATHS = NO;
				CLANG_ANALYZER_NONNULL = YES;
				CLANG_CXX_LANGUAGE_STANDARD = "gnu++0x";
				CLANG_CXX_LIBRARY = "libc++";
				CLANG_ENABLE_MODULES = YES;
				CLANG_ENABLE_OBJC_ARC = YES;
				CLANG_WARN_BOOL_CONVERSION = YES;
				CLANG_WARN_CONSTANT_CONVERSION = YES;
				CLANG_WARN_DIRECT_OBJC_ISA_USAGE = YES_ERROR;
				CLANG_WARN_EMPTY_BODY = YES;
				CLANG_WARN_ENUM_CONVERSION = YES;
				CLANG_WARN_INT_CONVERSION = YES;
				CLANG_WARN_OBJC_ROOT_CLASS = YES_ERROR;
				CLANG_WARN_UNREACHABLE_CODE = YES;
				CLANG_WARN__DUPLICATE_METHOD_MATCH = YES;
				"CODE_SIGN_IDENTITY[sdk=iphoneos*]" = "iPhone Developer";
				COPY_PHASE_STRIP = NO;
				DEBUG_INFORMATION_FORMAT = "dwarf-with-dsym";
				ENABLE_NS_ASSERTIONS = NO;
				ENABLE_STRICT_OBJC_MSGSEND = YES;
				GCC_C_LANGUAGE_STANDARD = gnu99;
				GCC_NO_COMMON_BLOCKS = YES;
				GCC_WARN_64_TO_32_BIT_CONVERSION = YES;
				GCC_WARN_ABOUT_RETURN_TYPE = YES_ERROR;
				GCC_WARN_UNDECLARED_SELECTOR = YES;
				GCC_WARN_UNINITIALIZED_AUTOS = YES_AGGRESSIVE;
				GCC_WARN_UNUSED_FUNCTION = YES;
				GCC_WARN_UNUSED_VARIABLE = YES;
				IPHONEOS_DEPLOYMENT_TARGET = 8.0;
				MTL_ENABLE_DEBUG_INFO = NO;
				SDKROOT = iphoneos;
				TARGETED_DEVICE_FAMILY = "1,2";
				VALIDATE_PRODUCT = YES;
			};
			name = Release;
		};
		DDC0AFB61CC623D500B669A1 /* Debug */ = {
			isa = XCBuildConfiguration;
			buildSettings = {
				ASSETCATALOG_COMPILER_APPICON_NAME = AppIcon;
				INFOPLIST_FILE = "Smart Lamp/Info.plist";
				IPHONEOS_DEPLOYMENT_TARGET = 8.0;
				LD_RUNPATH_SEARCH_PATHS = "$(inherited) @executable_path/Frameworks";
				PRODUCT_BUNDLE_IDENTIFIER = "io.github.titanstudio.Smart-Lamp";
				PRODUCT_NAME = "$(TARGET_NAME)";
			};
			name = Debug;
		};
		DDC0AFB71CC623D500B669A1 /* Release */ = {
			isa = XCBuildConfiguration;
			buildSettings = {
				ASSETCATALOG_COMPILER_APPICON_NAME = AppIcon;
				INFOPLIST_FILE = "Smart Lamp/Info.plist";
				IPHONEOS_DEPLOYMENT_TARGET = 8.0;
				LD_RUNPATH_SEARCH_PATHS = "$(inherited) @executable_path/Frameworks";
				PRODUCT_BUNDLE_IDENTIFIER = "io.github.titanstudio.Smart-Lamp";
				PRODUCT_NAME = "$(TARGET_NAME)";
			};
			name = Release;
		};
		DDC0AFB91CC623D500B669A1 /* Debug */ = {
			isa = XCBuildConfiguration;
			buildSettings = {
				BUNDLE_LOADER = "$(TEST_HOST)";
				INFOPLIST_FILE = "Smart LampTests/Info.plist";
				LD_RUNPATH_SEARCH_PATHS = "$(inherited) @executable_path/Frameworks @loader_path/Frameworks";
				PRODUCT_BUNDLE_IDENTIFIER = "io.github.titanstudio.Smart-LampTests";
				PRODUCT_NAME = "$(TARGET_NAME)";
				TEST_HOST = "$(BUILT_PRODUCTS_DIR)/Smart Lamp.app/Smart Lamp";
			};
			name = Debug;
		};
		DDC0AFBA1CC623D500B669A1 /* Release */ = {
			isa = XCBuildConfiguration;
			buildSettings = {
				BUNDLE_LOADER = "$(TEST_HOST)";
				INFOPLIST_FILE = "Smart LampTests/Info.plist";
				LD_RUNPATH_SEARCH_PATHS = "$(inherited) @executable_path/Frameworks @loader_path/Frameworks";
				PRODUCT_BUNDLE_IDENTIFIER = "io.github.titanstudio.Smart-LampTests";
				PRODUCT_NAME = "$(TARGET_NAME)";
				TEST_HOST = "$(BUILT_PRODUCTS_DIR)/Smart Lamp.app/Smart Lamp";
			};
			name = Release;
		};
		DDC0AFBC1CC623D500B669A1 /* Debug */ = {
			isa = XCBuildConfiguration;
			buildSettings = {
				INFOPLIST_FILE = "Smart LampUITests/Info.plist";
				LD_RUNPATH_SEARCH_PATHS = "$(inherited) @executable_path/Frameworks @loader_path/Frameworks";
				PRODUCT_BUNDLE_IDENTIFIER = "io.github.titanstudio.Smart-LampUITests";
				PRODUCT_NAME = "$(TARGET_NAME)";
				TEST_TARGET_NAME = "Smart Lamp";
			};
			name = Debug;
		};
		DDC0AFBD1CC623D500B669A1 /* Release */ = {
			isa = XCBuildConfiguration;
			buildSettings = {
				INFOPLIST_FILE = "Smart LampUITests/Info.plist";
				LD_RUNPATH_SEARCH_PATHS = "$(inherited) @executable_path/Frameworks @loader_path/Frameworks";
				PRODUCT_BUNDLE_IDENTIFIER = "io.github.titanstudio.Smart-LampUITests";
				PRODUCT_NAME = "$(TARGET_NAME)";
				TEST_TARGET_NAME = "Smart Lamp";
			};
			name = Release;
		};
/* End XCBuildConfiguration section */

/* Begin XCConfigurationList section */
		DDC0AF831CC623D400B669A1 /* Build configuration list for PBXProject "Smart Lamp" */ = {
			isa = XCConfigurationList;
			buildConfigurations = (
				DDC0AFB31CC623D500B669A1 /* Debug */,
				DDC0AFB41CC623D500B669A1 /* Release */,
			);
			defaultConfigurationIsVisible = 0;
			defaultConfigurationName = Release;
		};
		DDC0AFB51CC623D500B669A1 /* Build configuration list for PBXNativeTarget "Smart Lamp" */ = {
			isa = XCConfigurationList;
			buildConfigurations = (
				DDC0AFB61CC623D500B669A1 /* Debug */,
				DDC0AFB71CC623D500B669A1 /* Release */,
			);
			defaultConfigurationIsVisible = 0;
		};
		DDC0AFB81CC623D500B669A1 /* Build configuration list for PBXNativeTarget "Smart LampTests" */ = {
			isa = XCConfigurationList;
			buildConfigurations = (
				DDC0AFB91CC623D500B669A1 /* Debug */,
				DDC0AFBA1CC623D500B669A1 /* Release */,
			);
			defaultConfigurationIsVisible = 0;
		};
		DDC0AFBB1CC623D500B669A1 /* Build configuration list for PBXNativeTarget "Smart LampUITests" */ = {
			isa = XCConfigurationList;
			buildConfigurations = (
				DDC0AFBC1CC623D500B669A1 /* Debug */,
				DDC0AFBD1CC623D500B669A1 /* Release */,
			);
			defaultConfigurationIsVisible = 0;
		};
/* End XCConfigurationList section */
	};
	rootObject = DDC0AF801CC623D400B669A1 /* Project object */;
}
