// !$*UTF8*$!
{
	archiveVersion = 1;
	classes = {
	};
	objectVersion = 46;
	objects = {

/* Begin PBXBuildFile section */
		DDC0AFD21CC8C29100B669A1 /* main.m in Sources */ = {isa = PBXBuildFile; fileRef = DDC0AFD11CC8C29100B669A1 /* main.m */; };
		DDC0AFD51CC8C29100B669A1 /* AppDelegate.m in Sources */ = {isa = PBXBuildFile; fileRef = DDC0AFD41CC8C29100B669A1 /* AppDelegate.m */; };
		DDC0AFD81CC8C29100B669A1 /* ViewController.m in Sources */ = {isa = PBXBuildFile; fileRef = DDC0AFD71CC8C29100B669A1 /* ViewController.m */; };
		DDC0AFDD1CC8C29100B669A1 /* Assets.xcassets in Resources */ = {isa = PBXBuildFile; fileRef = DDC0AFDC1CC8C29100B669A1 /* Assets.xcassets */; };
		DDC0AFE01CC8C29100B669A1 /* LaunchScreen.storyboard in Resources */ = {isa = PBXBuildFile; fileRef = DDC0AFDE1CC8C29100B669A1 /* LaunchScreen.storyboard */; };
		DDC0AFEB1CC8C29100B669A1 /* SmartLampTests.m in Sources */ = {isa = PBXBuildFile; fileRef = DDC0AFEA1CC8C29100B669A1 /* SmartLampTests.m */; };
		DDC0AFF61CC8C29100B669A1 /* SmartLampUITests.m in Sources */ = {isa = PBXBuildFile; fileRef = DDC0AFF51CC8C29100B669A1 /* SmartLampUITests.m */; };
		DDC0B0041CC8C2F400B669A1 /* Main.storyboard in Resources */ = {isa = PBXBuildFile; fileRef = DDC0B0031CC8C2F400B669A1 /* Main.storyboard */; };
/* End PBXBuildFile section */

/* Begin PBXContainerItemProxy section */
		DDC0AFE71CC8C29100B669A1 /* PBXContainerItemProxy */ = {
			isa = PBXContainerItemProxy;
			containerPortal = DDC0AFC51CC8C29100B669A1 /* Project object */;
			proxyType = 1;
			remoteGlobalIDString = DDC0AFCC1CC8C29100B669A1;
			remoteInfo = SmartLamp;
		};
		DDC0AFF21CC8C29100B669A1 /* PBXContainerItemProxy */ = {
			isa = PBXContainerItemProxy;
			containerPortal = DDC0AFC51CC8C29100B669A1 /* Project object */;
			proxyType = 1;
			remoteGlobalIDString = DDC0AFCC1CC8C29100B669A1;
			remoteInfo = SmartLamp;
		};
/* End PBXContainerItemProxy section */

/* Begin PBXFileReference section */
		DDC0AFCD1CC8C29100B669A1 /* SmartLamp.app */ = {isa = PBXFileReference; explicitFileType = wrapper.application; includeInIndex = 0; path = SmartLamp.app; sourceTree = BUILT_PRODUCTS_DIR; };
		DDC0AFD11CC8C29100B669A1 /* main.m */ = {isa = PBXFileReference; lastKnownFileType = sourcecode.c.objc; path = main.m; sourceTree = "<group>"; };
		DDC0AFD31CC8C29100B669A1 /* AppDelegate.h */ = {isa = PBXFileReference; lastKnownFileType = sourcecode.c.h; path = AppDelegate.h; sourceTree = "<group>"; };
		DDC0AFD41CC8C29100B669A1 /* AppDelegate.m */ = {isa = PBXFileReference; lastKnownFileType = sourcecode.c.objc; path = AppDelegate.m; sourceTree = "<group>"; };
		DDC0AFD61CC8C29100B669A1 /* ViewController.h */ = {isa = PBXFileReference; lastKnownFileType = sourcecode.c.h; path = ViewController.h; sourceTree = "<group>"; };
		DDC0AFD71CC8C29100B669A1 /* ViewController.m */ = {isa = PBXFileReference; lastKnownFileType = sourcecode.c.objc; path = ViewController.m; sourceTree = "<group>"; };
		DDC0AFDC1CC8C29100B669A1 /* Assets.xcassets */ = {isa = PBXFileReference; lastKnownFileType = folder.assetcatalog; path = Assets.xcassets; sourceTree = "<group>"; };
		DDC0AFDF1CC8C29100B669A1 /* Base */ = {isa = PBXFileReference; lastKnownFileType = file.storyboard; name = Base; path = Base.lproj/LaunchScreen.storyboard; sourceTree = "<group>"; };
		DDC0AFE11CC8C29100B669A1 /* Info.plist */ = {isa = PBXFileReference; lastKnownFileType = text.plist.xml; path = Info.plist; sourceTree = "<group>"; };
		DDC0AFE61CC8C29100B669A1 /* SmartLampTests.xctest */ = {isa = PBXFileReference; explicitFileType = wrapper.cfbundle; includeInIndex = 0; path = SmartLampTests.xctest; sourceTree = BUILT_PRODUCTS_DIR; };
		DDC0AFEA1CC8C29100B669A1 /* SmartLampTests.m */ = {isa = PBXFileReference; lastKnownFileType = sourcecode.c.objc; path = SmartLampTests.m; sourceTree = "<group>"; };
		DDC0AFEC1CC8C29100B669A1 /* Info.plist */ = {isa = PBXFileReference; lastKnownFileType = text.plist.xml; path = Info.plist; sourceTree = "<group>"; };
		DDC0AFF11CC8C29100B669A1 /* SmartLampUITests.xctest */ = {isa = PBXFileReference; explicitFileType = wrapper.cfbundle; includeInIndex = 0; path = SmartLampUITests.xctest; sourceTree = BUILT_PRODUCTS_DIR; };
		DDC0AFF51CC8C29100B669A1 /* SmartLampUITests.m */ = {isa = PBXFileReference; lastKnownFileType = sourcecode.c.objc; path = SmartLampUITests.m; sourceTree = "<group>"; };
		DDC0AFF71CC8C29100B669A1 /* Info.plist */ = {isa = PBXFileReference; lastKnownFileType = text.plist.xml; path = Info.plist; sourceTree = "<group>"; };
		DDC0B0031CC8C2F400B669A1 /* Main.storyboard */ = {isa = PBXFileReference; fileEncoding = 4; lastKnownFileType = file.storyboard; path = Main.storyboard; sourceTree = "<group>"; };
/* End PBXFileReference section */

/* Begin PBXFrameworksBuildPhase section */
		DDC0AFCA1CC8C29100B669A1 /* Frameworks */ = {
			isa = PBXFrameworksBuildPhase;
			buildActionMask = 2147483647;
			files = (
			);
			runOnlyForDeploymentPostprocessing = 0;
		};
		DDC0AFE31CC8C29100B669A1 /* Frameworks */ = {
			isa = PBXFrameworksBuildPhase;
			buildActionMask = 2147483647;
			files = (
			);
			runOnlyForDeploymentPostprocessing = 0;
		};
		DDC0AFEE1CC8C29100B669A1 /* Frameworks */ = {
			isa = PBXFrameworksBuildPhase;
			buildActionMask = 2147483647;
			files = (
			);
			runOnlyForDeploymentPostprocessing = 0;
		};
/* End PBXFrameworksBuildPhase section */

/* Begin PBXGroup section */
		DDC0AFC41CC8C29100B669A1 = {
			isa = PBXGroup;
			children = (
				DDC0AFCF1CC8C29100B669A1 /* SmartLamp */,
				DDC0AFE91CC8C29100B669A1 /* SmartLampTests */,
				DDC0AFF41CC8C29100B669A1 /* SmartLampUITests */,
				DDC0AFCE1CC8C29100B669A1 /* Products */,
			);
			sourceTree = "<group>";
		};
		DDC0AFCE1CC8C29100B669A1 /* Products */ = {
			isa = PBXGroup;
			children = (
				DDC0AFCD1CC8C29100B669A1 /* SmartLamp.app */,
				DDC0AFE61CC8C29100B669A1 /* SmartLampTests.xctest */,
				DDC0AFF11CC8C29100B669A1 /* SmartLampUITests.xctest */,
			);
			name = Products;
			sourceTree = "<group>";
		};
		DDC0AFCF1CC8C29100B669A1 /* SmartLamp */ = {
			isa = PBXGroup;
			children = (
				DDC0AFD31CC8C29100B669A1 /* AppDelegate.h */,
				DDC0AFD41CC8C29100B669A1 /* AppDelegate.m */,
				DDC0AFD61CC8C29100B669A1 /* ViewController.h */,
				DDC0AFD71CC8C29100B669A1 /* ViewController.m */,
				DDC0AFDC1CC8C29100B669A1 /* Assets.xcassets */,
				DDC0B0031CC8C2F400B669A1 /* Main.storyboard */,
				DDC0AFDE1CC8C29100B669A1 /* LaunchScreen.storyboard */,
				DDC0AFE11CC8C29100B669A1 /* Info.plist */,
				DDC0AFD01CC8C29100B669A1 /* Supporting Files */,
			);
			path = SmartLamp;
			sourceTree = "<group>";
		};
		DDC0AFD01CC8C29100B669A1 /* Supporting Files */ = {
			isa = PBXGroup;
			children = (
				DDC0AFD11CC8C29100B669A1 /* main.m */,
			);
			name = "Supporting Files";
			sourceTree = "<group>";
		};
		DDC0AFE91CC8C29100B669A1 /* SmartLampTests */ = {
			isa = PBXGroup;
			children = (
				DDC0AFEA1CC8C29100B669A1 /* SmartLampTests.m */,
				DDC0AFEC1CC8C29100B669A1 /* Info.plist */,
			);
			path = SmartLampTests;
			sourceTree = "<group>";
		};
		DDC0AFF41CC8C29100B669A1 /* SmartLampUITests */ = {
			isa = PBXGroup;
			children = (
				DDC0AFF51CC8C29100B669A1 /* SmartLampUITests.m */,
				DDC0AFF71CC8C29100B669A1 /* Info.plist */,
			);
			path = SmartLampUITests;
			sourceTree = "<group>";
		};
/* End PBXGroup section */

/* Begin PBXNativeTarget section */
		DDC0AFCC1CC8C29100B669A1 /* SmartLamp */ = {
			isa = PBXNativeTarget;
			buildConfigurationList = DDC0AFFA1CC8C29100B669A1 /* Build configuration list for PBXNativeTarget "SmartLamp" */;
			buildPhases = (
				DDC0AFC91CC8C29100B669A1 /* Sources */,
				DDC0AFCA1CC8C29100B669A1 /* Frameworks */,
				DDC0AFCB1CC8C29100B669A1 /* Resources */,
			);
			buildRules = (
			);
			dependencies = (
			);
			name = SmartLamp;
			productName = SmartLamp;
			productReference = DDC0AFCD1CC8C29100B669A1 /* SmartLamp.app */;
			productType = "com.apple.product-type.application";
		};
		DDC0AFE51CC8C29100B669A1 /* SmartLampTests */ = {
			isa = PBXNativeTarget;
			buildConfigurationList = DDC0AFFD1CC8C29100B669A1 /* Build configuration list for PBXNativeTarget "SmartLampTests" */;
			buildPhases = (
				DDC0AFE21CC8C29100B669A1 /* Sources */,
				DDC0AFE31CC8C29100B669A1 /* Frameworks */,
				DDC0AFE41CC8C29100B669A1 /* Resources */,
			);
			buildRules = (
			);
			dependencies = (
				DDC0AFE81CC8C29100B669A1 /* PBXTargetDependency */,
			);
			name = SmartLampTests;
			productName = SmartLampTests;
			productReference = DDC0AFE61CC8C29100B669A1 /* SmartLampTests.xctest */;
			productType = "com.apple.product-type.bundle.unit-test";
		};
		DDC0AFF01CC8C29100B669A1 /* SmartLampUITests */ = {
			isa = PBXNativeTarget;
			buildConfigurationList = DDC0B0001CC8C29100B669A1 /* Build configuration list for PBXNativeTarget "SmartLampUITests" */;
			buildPhases = (
				DDC0AFED1CC8C29100B669A1 /* Sources */,
				DDC0AFEE1CC8C29100B669A1 /* Frameworks */,
				DDC0AFEF1CC8C29100B669A1 /* Resources */,
			);
			buildRules = (
			);
			dependencies = (
				DDC0AFF31CC8C29100B669A1 /* PBXTargetDependency */,
			);
			name = SmartLampUITests;
			productName = SmartLampUITests;
			productReference = DDC0AFF11CC8C29100B669A1 /* SmartLampUITests.xctest */;
			productType = "com.apple.product-type.bundle.ui-testing";
		};
/* End PBXNativeTarget section */

/* Begin PBXProject section */
		DDC0AFC51CC8C29100B669A1 /* Project object */ = {
			isa = PBXProject;
			attributes = {
				LastUpgradeCheck = 0730;
				ORGANIZATIONNAME = "Titan Studio";
				TargetAttributes = {
					DDC0AFCC1CC8C29100B669A1 = {
						CreatedOnToolsVersion = 7.3;
						DevelopmentTeam = 6C36HX8DP4;
					};
					DDC0AFE51CC8C29100B669A1 = {
						CreatedOnToolsVersion = 7.3;
						DevelopmentTeam = 6C36HX8DP4;
						TestTargetID = DDC0AFCC1CC8C29100B669A1;
					};
					DDC0AFF01CC8C29100B669A1 = {
						CreatedOnToolsVersion = 7.3;
						DevelopmentTeam = 6C36HX8DP4;
						TestTargetID = DDC0AFCC1CC8C29100B669A1;
					};
				};
			};
			buildConfigurationList = DDC0AFC81CC8C29100B669A1 /* Build configuration list for PBXProject "SmartLamp" */;
			compatibilityVersion = "Xcode 3.2";
			developmentRegion = English;
			hasScannedForEncodings = 0;
			knownRegions = (
				en,
				Base,
			);
			mainGroup = DDC0AFC41CC8C29100B669A1;
			productRefGroup = DDC0AFCE1CC8C29100B669A1 /* Products */;
			projectDirPath = "";
			projectRoot = "";
			targets = (
				DDC0AFCC1CC8C29100B669A1 /* SmartLamp */,
				DDC0AFE51CC8C29100B669A1 /* SmartLampTests */,
				DDC0AFF01CC8C29100B669A1 /* SmartLampUITests */,
			);
		};
/* End PBXProject section */

/* Begin PBXResourcesBuildPhase section */
		DDC0AFCB1CC8C29100B669A1 /* Resources */ = {
			isa = PBXResourcesBuildPhase;
			buildActionMask = 2147483647;
			files = (
				DDC0B0041CC8C2F400B669A1 /* Main.storyboard in Resources */,
				DDC0AFE01CC8C29100B669A1 /* LaunchScreen.storyboard in Resources */,
				DDC0AFDD1CC8C29100B669A1 /* Assets.xcassets in Resources */,
			);
			runOnlyForDeploymentPostprocessing = 0;
		};
		DDC0AFE41CC8C29100B669A1 /* Resources */ = {
			isa = PBXResourcesBuildPhase;
			buildActionMask = 2147483647;
			files = (
			);
			runOnlyForDeploymentPostprocessing = 0;
		};
		DDC0AFEF1CC8C29100B669A1 /* Resources */ = {
			isa = PBXResourcesBuildPhase;
			buildActionMask = 2147483647;
			files = (
			);
			runOnlyForDeploymentPostprocessing = 0;
		};
/* End PBXResourcesBuildPhase section */

/* Begin PBXSourcesBuildPhase section */
		DDC0AFC91CC8C29100B669A1 /* Sources */ = {
			isa = PBXSourcesBuildPhase;
			buildActionMask = 2147483647;
			files = (
				DDC0AFD81CC8C29100B669A1 /* ViewController.m in Sources */,
				DDC0AFD51CC8C29100B669A1 /* AppDelegate.m in Sources */,
				DDC0AFD21CC8C29100B669A1 /* main.m in Sources */,
			);
			runOnlyForDeploymentPostprocessing = 0;
		};
		DDC0AFE21CC8C29100B669A1 /* Sources */ = {
			isa = PBXSourcesBuildPhase;
			buildActionMask = 2147483647;
			files = (
				DDC0AFEB1CC8C29100B669A1 /* SmartLampTests.m in Sources */,
			);
			runOnlyForDeploymentPostprocessing = 0;
		};
		DDC0AFED1CC8C29100B669A1 /* Sources */ = {
			isa = PBXSourcesBuildPhase;
			buildActionMask = 2147483647;
			files = (
				DDC0AFF61CC8C29100B669A1 /* SmartLampUITests.m in Sources */,
			);
			runOnlyForDeploymentPostprocessing = 0;
		};
/* End PBXSourcesBuildPhase section */

/* Begin PBXTargetDependency section */
		DDC0AFE81CC8C29100B669A1 /* PBXTargetDependency */ = {
			isa = PBXTargetDependency;
			target = DDC0AFCC1CC8C29100B669A1 /* SmartLamp */;
			targetProxy = DDC0AFE71CC8C29100B669A1 /* PBXContainerItemProxy */;
		};
		DDC0AFF31CC8C29100B669A1 /* PBXTargetDependency */ = {
			isa = PBXTargetDependency;
			target = DDC0AFCC1CC8C29100B669A1 /* SmartLamp */;
			targetProxy = DDC0AFF21CC8C29100B669A1 /* PBXContainerItemProxy */;
		};
/* End PBXTargetDependency section */

/* Begin PBXVariantGroup section */
		DDC0AFDE1CC8C29100B669A1 /* LaunchScreen.storyboard */ = {
			isa = PBXVariantGroup;
			children = (
				DDC0AFDF1CC8C29100B669A1 /* Base */,
			);
			name = LaunchScreen.storyboard;
			sourceTree = "<group>";
		};
/* End PBXVariantGroup section */

/* Begin XCBuildConfiguration section */
		DDC0AFF81CC8C29100B669A1 /* Debug */ = {
			isa = XCBuildConfiguration;
			buildSettings = {
				ALWAYS_SEARCH_USER_PATHS = NO;
				CLANG_ANALYZER_NONNULL = YES;
				CLANG_CXX_LANGUAGE_STANDARD = "gnu++0x";
				CLANG_CXX_LIBRARY = "libc++";
				CLANG_ENABLE_MODULES = YES;
				CLANG_ENABLE_OBJC_ARC = YES;
				CLANG_WARN_BOOL_CONVERSION = YES;
				CLANG_WARN_CONSTANT_CONVERSION = YES;
				CLANG_WARN_DIRECT_OBJC_ISA_USAGE = YES_ERROR;
				CLANG_WARN_EMPTY_BODY = YES;
				CLANG_WARN_ENUM_CONVERSION = YES;
				CLANG_WARN_INT_CONVERSION = YES;
				CLANG_WARN_OBJC_ROOT_CLASS = YES_ERROR;
				CLANG_WARN_UNREACHABLE_CODE = YES;
				CLANG_WARN__DUPLICATE_METHOD_MATCH = YES;
				"CODE_SIGN_IDENTITY[sdk=iphoneos*]" = "iPhone Developer";
				COPY_PHASE_STRIP = NO;
				DEBUG_INFORMATION_FORMAT = dwarf;
				ENABLE_STRICT_OBJC_MSGSEND = YES;
				ENABLE_TESTABILITY = YES;
				GCC_C_LANGUAGE_STANDARD = gnu99;
				GCC_DYNAMIC_NO_PIC = NO;
				GCC_NO_COMMON_BLOCKS = YES;
				GCC_OPTIMIZATION_LEVEL = 0;
				GCC_PREPROCESSOR_DEFINITIONS = (
					"DEBUG=1",
					"$(inherited)",
				);
				GCC_WARN_64_TO_32_BIT_CONVERSION = YES;
				GCC_WARN_ABOUT_RETURN_TYPE = YES_ERROR;
				GCC_WARN_UNDECLARED_SELECTOR = YES;
				GCC_WARN_UNINITIALIZED_AUTOS = YES_AGGRESSIVE;
				GCC_WARN_UNUSED_FUNCTION = YES;
				GCC_WARN_UNUSED_VARIABLE = YES;
				IPHONEOS_DEPLOYMENT_TARGET = 9.3;
				MTL_ENABLE_DEBUG_INFO = YES;
				ONLY_ACTIVE_ARCH = YES;
				SDKROOT = iphoneos;
				TARGETED_DEVICE_FAMILY = "1,2";
			};
			name = Debug;
		};
		DDC0AFF91CC8C29100B669A1 /* Release */ = {
			isa = XCBuildConfiguration;
			buildSettings = {
				ALWAYS_SEARCH_USER_PATHS = NO;
				CLANG_ANALYZER_NONNULL = YES;
				CLANG_CXX_LANGUAGE_STANDARD = "gnu++0x";
				CLANG_CXX_LIBRARY = "libc++";
				CLANG_ENABLE_MODULES = YES;
				CLANG_ENABLE_OBJC_ARC = YES;
				CLANG_WARN_BOOL_CONVERSION = YES;
				CLANG_WARN_CONSTANT_CONVERSION = YES;
				CLANG_WARN_DIRECT_OBJC_ISA_USAGE = YES_ERROR;
				CLANG_WARN_EMPTY_BODY = YES;
				CLANG_WARN_ENUM_CONVERSION = YES;
				CLANG_WARN_INT_CONVERSION = YES;
				CLANG_WARN_OBJC_ROOT_CLASS = YES_ERROR;
				CLANG_WARN_UNREACHABLE_CODE = YES;
				CLANG_WARN__DUPLICATE_METHOD_MATCH = YES;
				"CODE_SIGN_IDENTITY[sdk=iphoneos*]" = "iPhone Developer";
				COPY_PHASE_STRIP = NO;
				DEBUG_INFORMATION_FORMAT = "dwarf-with-dsym";
				ENABLE_NS_ASSERTIONS = NO;
				ENABLE_STRICT_OBJC_MSGSEND = YES;
				GCC_C_LANGUAGE_STANDARD = gnu99;
				GCC_NO_COMMON_BLOCKS = YES;
				GCC_WARN_64_TO_32_BIT_CONVERSION = YES;
				GCC_WARN_ABOUT_RETURN_TYPE = YES_ERROR;
				GCC_WARN_UNDECLARED_SELECTOR = YES;
				GCC_WARN_UNINITIALIZED_AUTOS = YES_AGGRESSIVE;
				GCC_WARN_UNUSED_FUNCTION = YES;
				GCC_WARN_UNUSED_VARIABLE = YES;
				IPHONEOS_DEPLOYMENT_TARGET = 9.3;
				MTL_ENABLE_DEBUG_INFO = NO;
				SDKROOT = iphoneos;
				TARGETED_DEVICE_FAMILY = "1,2";
				VALIDATE_PRODUCT = YES;
			};
			name = Release;
		};
		DDC0AFFB1CC8C29100B669A1 /* Debug */ = {
			isa = XCBuildConfiguration;
			buildSettings = {
				ASSETCATALOG_COMPILER_APPICON_NAME = AppIcon;
				INFOPLIST_FILE = SmartLamp/Info.plist;
				LD_RUNPATH_SEARCH_PATHS = "$(inherited) @executable_path/Frameworks";
				PRODUCT_BUNDLE_IDENTIFIER = io.github.titanstudio.SmartLamp;
				PRODUCT_NAME = "$(TARGET_NAME)";
			};
			name = Debug;
		};
		DDC0AFFC1CC8C29100B669A1 /* Release */ = {
			isa = XCBuildConfiguration;
			buildSettings = {
				ASSETCATALOG_COMPILER_APPICON_NAME = AppIcon;
				INFOPLIST_FILE = SmartLamp/Info.plist;
				LD_RUNPATH_SEARCH_PATHS = "$(inherited) @executable_path/Frameworks";
				PRODUCT_BUNDLE_IDENTIFIER = io.github.titanstudio.SmartLamp;
				PRODUCT_NAME = "$(TARGET_NAME)";
			};
			name = Release;
		};
		DDC0AFFE1CC8C29100B669A1 /* Debug */ = {
			isa = XCBuildConfiguration;
			buildSettings = {
				BUNDLE_LOADER = "$(TEST_HOST)";
				INFOPLIST_FILE = SmartLampTests/Info.plist;
				LD_RUNPATH_SEARCH_PATHS = "$(inherited) @executable_path/Frameworks @loader_path/Frameworks";
				PRODUCT_BUNDLE_IDENTIFIER = io.github.titanstudio.SmartLampTests;
				PRODUCT_NAME = "$(TARGET_NAME)";
				TEST_HOST = "$(BUILT_PRODUCTS_DIR)/SmartLamp.app/SmartLamp";
			};
			name = Debug;
		};
		DDC0AFFF1CC8C29100B669A1 /* Release */ = {
			isa = XCBuildConfiguration;
			buildSettings = {
				BUNDLE_LOADER = "$(TEST_HOST)";
				INFOPLIST_FILE = SmartLampTests/Info.plist;
				LD_RUNPATH_SEARCH_PATHS = "$(inherited) @executable_path/Frameworks @loader_path/Frameworks";
				PRODUCT_BUNDLE_IDENTIFIER = io.github.titanstudio.SmartLampTests;
				PRODUCT_NAME = "$(TARGET_NAME)";
				TEST_HOST = "$(BUILT_PRODUCTS_DIR)/SmartLamp.app/SmartLamp";
			};
			name = Release;
		};
		DDC0B0011CC8C29100B669A1 /* Debug */ = {
			isa = XCBuildConfiguration;
			buildSettings = {
				INFOPLIST_FILE = SmartLampUITests/Info.plist;
				LD_RUNPATH_SEARCH_PATHS = "$(inherited) @executable_path/Frameworks @loader_path/Frameworks";
				PRODUCT_BUNDLE_IDENTIFIER = io.github.titanstudio.SmartLampUITests;
				PRODUCT_NAME = "$(TARGET_NAME)";
				TEST_TARGET_NAME = SmartLamp;
			};
			name = Debug;
		};
		DDC0B0021CC8C29100B669A1 /* Release */ = {
			isa = XCBuildConfiguration;
			buildSettings = {
				INFOPLIST_FILE = SmartLampUITests/Info.plist;
				LD_RUNPATH_SEARCH_PATHS = "$(inherited) @executable_path/Frameworks @loader_path/Frameworks";
				PRODUCT_BUNDLE_IDENTIFIER = io.github.titanstudio.SmartLampUITests;
				PRODUCT_NAME = "$(TARGET_NAME)";
				TEST_TARGET_NAME = SmartLamp;
			};
			name = Release;
		};
/* End XCBuildConfiguration section */

/* Begin XCConfigurationList section */
		DDC0AFC81CC8C29100B669A1 /* Build configuration list for PBXProject "SmartLamp" */ = {
			isa = XCConfigurationList;
			buildConfigurations = (
				DDC0AFF81CC8C29100B669A1 /* Debug */,
				DDC0AFF91CC8C29100B669A1 /* Release */,
			);
			defaultConfigurationIsVisible = 0;
			defaultConfigurationName = Release;
		};
		DDC0AFFA1CC8C29100B669A1 /* Build configuration list for PBXNativeTarget "SmartLamp" */ = {
			isa = XCConfigurationList;
			buildConfigurations = (
				DDC0AFFB1CC8C29100B669A1 /* Debug */,
				DDC0AFFC1CC8C29100B669A1 /* Release */,
			);
			defaultConfigurationIsVisible = 0;
		};
		DDC0AFFD1CC8C29100B669A1 /* Build configuration list for PBXNativeTarget "SmartLampTests" */ = {
			isa = XCConfigurationList;
			buildConfigurations = (
				DDC0AFFE1CC8C29100B669A1 /* Debug */,
				DDC0AFFF1CC8C29100B669A1 /* Release */,
			);
			defaultConfigurationIsVisible = 0;
		};
		DDC0B0001CC8C29100B669A1 /* Build configuration list for PBXNativeTarget "SmartLampUITests" */ = {
			isa = XCConfigurationList;
			buildConfigurations = (
				DDC0B0011CC8C29100B669A1 /* Debug */,
				DDC0B0021CC8C29100B669A1 /* Release */,
			);
			defaultConfigurationIsVisible = 0;
		};
/* End XCConfigurationList section */
	};
	rootObject = DDC0AFC51CC8C29100B669A1 /* Project object */;
}
