// !$*UTF8*$!
{
	archiveVersion = 1;
	classes = {
	};
	objectVersion = 46;
	objects = {

/* Begin PBXBuildFile section */
		B95FE0DF9EF4ADF6D2ADF4E5 /* libPods-SmartLamp.a in Frameworks */ = {isa = PBXBuildFile; fileRef = 4AC3432B358A2F20F30EBE47 /* libPods-SmartLamp.a */; };
		DD323EA51D3FB65D00B22E76 /* StatusView.xib in Resources */ = {isa = PBXBuildFile; fileRef = DD323EA41D3FB65D00B22E76 /* StatusView.xib */; };
		DD323EB31D40ECDF00B22E76 /* Device.xcassets in Resources */ = {isa = PBXBuildFile; fileRef = DD323EB21D40ECDF00B22E76 /* Device.xcassets */; };
		DD5495B91D332EEC006854EB /* ATRootViewController.m in Sources */ = {isa = PBXBuildFile; fileRef = DD54959E1D332EEC006854EB /* ATRootViewController.m */; };
		DD5495BA1D332EEC006854EB /* ATCentralManager.m in Sources */ = {isa = PBXBuildFile; fileRef = DD5495A31D332EEC006854EB /* ATCentralManager.m */; };
		DD5495BB1D332EEC006854EB /* ATFileManager.m in Sources */ = {isa = PBXBuildFile; fileRef = DD5495A51D332EEC006854EB /* ATFileManager.m */; };
		DD5495BC1D332EEC006854EB /* ATProfiles.m in Sources */ = {isa = PBXBuildFile; fileRef = DD5495A71D332EEC006854EB /* ATProfiles.m */; };
		DD5495EE1D3334F7006854EB /* Asset.xcassets in Resources */ = {isa = PBXBuildFile; fileRef = DD5495ED1D3334F7006854EB /* Asset.xcassets */; };
		DD54960A1D333992006854EB /* ATBaseNavigationController.m in Sources */ = {isa = PBXBuildFile; fileRef = DD5496091D333992006854EB /* ATBaseNavigationController.m */; };
		DD54960D1D3339A6006854EB /* ATBaseViewController.m in Sources */ = {isa = PBXBuildFile; fileRef = DD54960C1D3339A6006854EB /* ATBaseViewController.m */; };
		DD54961E1D3348F3006854EB /* BaseController.xcassets in Resources */ = {isa = PBXBuildFile; fileRef = DD54961D1D3348F3006854EB /* BaseController.xcassets */; };
		DD5497191D35DE80006854EB /* SceneViewController.m in Sources */ = {isa = PBXBuildFile; fileRef = DD5497171D35DE80006854EB /* SceneViewController.m */; };
		DD54971E1D35DEA4006854EB /* HomeViewController.m in Sources */ = {isa = PBXBuildFile; fileRef = DD54971C1D35DEA4006854EB /* HomeViewController.m */; };
		DD54971F1D35DEA4006854EB /* HomeViewController.xib in Resources */ = {isa = PBXBuildFile; fileRef = DD54971D1D35DEA4006854EB /* HomeViewController.xib */; };
		DD5497291D35DEDA006854EB /* DeviceViewController.m in Sources */ = {isa = PBXBuildFile; fileRef = DD5497271D35DEDA006854EB /* DeviceViewController.m */; };
		DD54972D1D35DF14006854EB /* ATBaseTabBarController.m in Sources */ = {isa = PBXBuildFile; fileRef = DD54972C1D35DF14006854EB /* ATBaseTabBarController.m */; };
		DD5497411D35E0CD006854EB /* UIBarButtonItem+ATItem.m in Sources */ = {isa = PBXBuildFile; fileRef = DD5497341D35E0CD006854EB /* UIBarButtonItem+ATItem.m */; };
		DD5497431D35E0CD006854EB /* UIImageView+GetColorAtPixel.m in Sources */ = {isa = PBXBuildFile; fileRef = DD5497381D35E0CD006854EB /* UIImageView+GetColorAtPixel.m */; };
		DD5497451D35E0CD006854EB /* UITextField+ATText.m in Sources */ = {isa = PBXBuildFile; fileRef = DD54973C1D35E0CD006854EB /* UITextField+ATText.m */; };
		DD5497461D35E0CD006854EB /* UIView+ATRect.m in Sources */ = {isa = PBXBuildFile; fileRef = DD54973E1D35E0CD006854EB /* UIView+ATRect.m */; };
		DD5497471D35E0CD006854EB /* UIViewController+ATScreenGesture.m in Sources */ = {isa = PBXBuildFile; fileRef = DD5497401D35E0CD006854EB /* UIViewController+ATScreenGesture.m */; };
		DD54974A1D35E101006854EB /* UITabBarController+ATBaseController.m in Sources */ = {isa = PBXBuildFile; fileRef = DD5497491D35E101006854EB /* UITabBarController+ATBaseController.m */; };
		DD5497541D35E9DA006854EB /* ATTabBar.m in Sources */ = {isa = PBXBuildFile; fileRef = DD5497531D35E9DA006854EB /* ATTabBar.m */; };
		DD5497651D361B51006854EB /* ATRadarAnimationView.m in Sources */ = {isa = PBXBuildFile; fileRef = DD5497621D361B50006854EB /* ATRadarAnimationView.m */; };
		DD5497661D361B51006854EB /* Slice 1.png in Resources */ = {isa = PBXBuildFile; fileRef = DD5497641D361B51006854EB /* Slice 1.png */; };
		DD54976A1D362A5D006854EB /* SceneTableViewCell.m in Sources */ = {isa = PBXBuildFile; fileRef = DD5497681D362A5D006854EB /* SceneTableViewCell.m */; };
		DD54976B1D362A5D006854EB /* SceneTableViewCell.xib in Resources */ = {isa = PBXBuildFile; fileRef = DD5497691D362A5D006854EB /* SceneTableViewCell.xib */; };
		DD5497701D363BB3006854EB /* Scene.xcassets in Resources */ = {isa = PBXBuildFile; fileRef = DD54976F1D363BB3006854EB /* Scene.xcassets */; };
		DD5497881D379222006854EB /* ATColorManager.m in Sources */ = {isa = PBXBuildFile; fileRef = DD5497871D379222006854EB /* ATColorManager.m */; };
		DD54978F1D37AC94006854EB /* Home.xcassets in Resources */ = {isa = PBXBuildFile; fileRef = DD54978E1D37AC94006854EB /* Home.xcassets */; };
		DD84649A1D210A7100B7CB98 /* LeftViewController.plist in Resources */ = {isa = PBXBuildFile; fileRef = DD8464991D210A7100B7CB98 /* LeftViewController.plist */; };
		DDC0AFD21CC8C29100B669A1 /* main.m in Sources */ = {isa = PBXBuildFile; fileRef = DDC0AFD11CC8C29100B669A1 /* main.m */; };
		DDC0AFD51CC8C29100B669A1 /* AppDelegate.m in Sources */ = {isa = PBXBuildFile; fileRef = DDC0AFD41CC8C29100B669A1 /* AppDelegate.m */; };
		DDC0AFEB1CC8C29100B669A1 /* SmartLampTests.m in Sources */ = {isa = PBXBuildFile; fileRef = DDC0AFEA1CC8C29100B669A1 /* SmartLampTests.m */; };
		DDC0AFF61CC8C29100B669A1 /* SmartLampUITests.m in Sources */ = {isa = PBXBuildFile; fileRef = DDC0AFF51CC8C29100B669A1 /* SmartLampUITests.m */; };
		DDD93B791D3E08350022F2E7 /* ATMaterialButton.m in Sources */ = {isa = PBXBuildFile; fileRef = DDD93B781D3E08350022F2E7 /* ATMaterialButton.m */; };
		DDD93B891D3E17F60022F2E7 /* ColorModeView.m in Sources */ = {isa = PBXBuildFile; fileRef = DDD93B881D3E17F60022F2E7 /* ColorModeView.m */; };
		DDD93B8C1D3E18160022F2E7 /* TimerView.m in Sources */ = {isa = PBXBuildFile; fileRef = DDD93B8B1D3E18160022F2E7 /* TimerView.m */; };
		DDD93B8F1D3E182C0022F2E7 /* StatusView.m in Sources */ = {isa = PBXBuildFile; fileRef = DDD93B8E1D3E182C0022F2E7 /* StatusView.m */; };
		DDD93B951D3E186D0022F2E7 /* ColorModeView.xib in Resources */ = {isa = PBXBuildFile; fileRef = DDD93B941D3E186D0022F2E7 /* ColorModeView.xib */; };
		DDD93B971D3E18750022F2E7 /* TimerView.xib in Resources */ = {isa = PBXBuildFile; fileRef = DDD93B961D3E18750022F2E7 /* TimerView.xib */; };
		DDD93B9B1D3E2CC70022F2E7 /* DeviceTableViewCell.m in Sources */ = {isa = PBXBuildFile; fileRef = DDD93B991D3E2CC70022F2E7 /* DeviceTableViewCell.m */; };
		DDD93B9C1D3E2CC70022F2E7 /* DeviceTableViewCell.xib in Resources */ = {isa = PBXBuildFile; fileRef = DDD93B9A1D3E2CC70022F2E7 /* DeviceTableViewCell.xib */; };
		DDD93BA21D3E37F40022F2E7 /* ATToolBar.m in Sources */ = {isa = PBXBuildFile; fileRef = DDD93BA11D3E37F40022F2E7 /* ATToolBar.m */; };
		DDD93BA51D3E67E30022F2E7 /* SCLAlertView+ATAlertView.m in Sources */ = {isa = PBXBuildFile; fileRef = DDD93BA41D3E67E30022F2E7 /* SCLAlertView+ATAlertView.m */; };
/* End PBXBuildFile section */

/* Begin PBXContainerItemProxy section */
		DDC0AFE71CC8C29100B669A1 /* PBXContainerItemProxy */ = {
			isa = PBXContainerItemProxy;
			containerPortal = DDC0AFC51CC8C29100B669A1 /* Project object */;
			proxyType = 1;
			remoteGlobalIDString = DDC0AFCC1CC8C29100B669A1;
			remoteInfo = SmartLamp;
		};
		DDC0AFF21CC8C29100B669A1 /* PBXContainerItemProxy */ = {
			isa = PBXContainerItemProxy;
			containerPortal = DDC0AFC51CC8C29100B669A1 /* Project object */;
			proxyType = 1;
			remoteGlobalIDString = DDC0AFCC1CC8C29100B669A1;
			remoteInfo = SmartLamp;
		};
/* End PBXContainerItemProxy section */

/* Begin PBXFileReference section */
		4AC3432B358A2F20F30EBE47 /* libPods-SmartLamp.a */ = {isa = PBXFileReference; explicitFileType = archive.ar; includeInIndex = 0; path = "libPods-SmartLamp.a"; sourceTree = BUILT_PRODUCTS_DIR; };
		8B596CB49C7F89149175F7E2 /* Pods-SmartLamp.debug.xcconfig */ = {isa = PBXFileReference; includeInIndex = 1; lastKnownFileType = text.xcconfig; name = "Pods-SmartLamp.debug.xcconfig"; path = "Pods/Target Support Files/Pods-SmartLamp/Pods-SmartLamp.debug.xcconfig"; sourceTree = "<group>"; };
		98D708CCDAEE63C59251A120 /* Pods-SmartLamp.release.xcconfig */ = {isa = PBXFileReference; includeInIndex = 1; lastKnownFileType = text.xcconfig; name = "Pods-SmartLamp.release.xcconfig"; path = "Pods/Target Support Files/Pods-SmartLamp/Pods-SmartLamp.release.xcconfig"; sourceTree = "<group>"; };
		DD323EA41D3FB65D00B22E76 /* StatusView.xib */ = {isa = PBXFileReference; fileEncoding = 4; lastKnownFileType = file.xib; path = StatusView.xib; sourceTree = "<group>"; };
		DD323EB21D40ECDF00B22E76 /* Device.xcassets */ = {isa = PBXFileReference; lastKnownFileType = folder.assetcatalog; path = Device.xcassets; sourceTree = "<group>"; };
		DD54959D1D332EEC006854EB /* ATRootViewController.h */ = {isa = PBXFileReference; fileEncoding = 4; lastKnownFileType = sourcecode.c.h; path = ATRootViewController.h; sourceTree = "<group>"; };
		DD54959E1D332EEC006854EB /* ATRootViewController.m */ = {isa = PBXFileReference; fileEncoding = 4; lastKnownFileType = sourcecode.c.objc; path = ATRootViewController.m; sourceTree = "<group>"; };
		DD5495A21D332EEC006854EB /* ATCentralManager.h */ = {isa = PBXFileReference; fileEncoding = 4; lastKnownFileType = sourcecode.c.h; path = ATCentralManager.h; sourceTree = "<group>"; };
		DD5495A31D332EEC006854EB /* ATCentralManager.m */ = {isa = PBXFileReference; fileEncoding = 4; lastKnownFileType = sourcecode.c.objc; path = ATCentralManager.m; sourceTree = "<group>"; };
		DD5495A41D332EEC006854EB /* ATFileManager.h */ = {isa = PBXFileReference; fileEncoding = 4; lastKnownFileType = sourcecode.c.h; path = ATFileManager.h; sourceTree = "<group>"; };
		DD5495A51D332EEC006854EB /* ATFileManager.m */ = {isa = PBXFileReference; fileEncoding = 4; lastKnownFileType = sourcecode.c.objc; path = ATFileManager.m; sourceTree = "<group>"; };
		DD5495A61D332EEC006854EB /* ATProfiles.h */ = {isa = PBXFileReference; fileEncoding = 4; lastKnownFileType = sourcecode.c.h; path = ATProfiles.h; sourceTree = "<group>"; };
		DD5495A71D332EEC006854EB /* ATProfiles.m */ = {isa = PBXFileReference; fileEncoding = 4; lastKnownFileType = sourcecode.c.objc; path = ATProfiles.m; sourceTree = "<group>"; };
		DD5495ED1D3334F7006854EB /* Asset.xcassets */ = {isa = PBXFileReference; lastKnownFileType = folder.assetcatalog; path = Asset.xcassets; sourceTree = "<group>"; };
		DD5496081D333992006854EB /* ATBaseNavigationController.h */ = {isa = PBXFileReference; fileEncoding = 4; lastKnownFileType = sourcecode.c.h; path = ATBaseNavigationController.h; sourceTree = "<group>"; };
		DD5496091D333992006854EB /* ATBaseNavigationController.m */ = {isa = PBXFileReference; fileEncoding = 4; lastKnownFileType = sourcecode.c.objc; path = ATBaseNavigationController.m; sourceTree = "<group>"; };
		DD54960B1D3339A6006854EB /* ATBaseViewController.h */ = {isa = PBXFileReference; fileEncoding = 4; lastKnownFileType = sourcecode.c.h; path = ATBaseViewController.h; sourceTree = "<group>"; };
		DD54960C1D3339A6006854EB /* ATBaseViewController.m */ = {isa = PBXFileReference; fileEncoding = 4; lastKnownFileType = sourcecode.c.objc; path = ATBaseViewController.m; sourceTree = "<group>"; };
		DD54961D1D3348F3006854EB /* BaseController.xcassets */ = {isa = PBXFileReference; lastKnownFileType = folder.assetcatalog; path = BaseController.xcassets; sourceTree = "<group>"; };
		DD5497161D35DE80006854EB /* SceneViewController.h */ = {isa = PBXFileReference; fileEncoding = 4; lastKnownFileType = sourcecode.c.h; path = SceneViewController.h; sourceTree = "<group>"; };
		DD5497171D35DE80006854EB /* SceneViewController.m */ = {isa = PBXFileReference; fileEncoding = 4; lastKnownFileType = sourcecode.c.objc; path = SceneViewController.m; sourceTree = "<group>"; };
		DD54971B1D35DEA4006854EB /* HomeViewController.h */ = {isa = PBXFileReference; fileEncoding = 4; lastKnownFileType = sourcecode.c.h; name = HomeViewController.h; path = SmartLamp/Classes/HomePage/HomeViewController.h; sourceTree = SOURCE_ROOT; };
		DD54971C1D35DEA4006854EB /* HomeViewController.m */ = {isa = PBXFileReference; fileEncoding = 4; lastKnownFileType = sourcecode.c.objc; name = HomeViewController.m; path = SmartLamp/Classes/HomePage/HomeViewController.m; sourceTree = SOURCE_ROOT; };
		DD54971D1D35DEA4006854EB /* HomeViewController.xib */ = {isa = PBXFileReference; fileEncoding = 4; lastKnownFileType = file.xib; name = HomeViewController.xib; path = SmartLamp/Classes/HomePage/HomeViewController.xib; sourceTree = SOURCE_ROOT; };
		DD5497261D35DEDA006854EB /* DeviceViewController.h */ = {isa = PBXFileReference; fileEncoding = 4; lastKnownFileType = sourcecode.c.h; path = DeviceViewController.h; sourceTree = "<group>"; };
		DD5497271D35DEDA006854EB /* DeviceViewController.m */ = {isa = PBXFileReference; fileEncoding = 4; lastKnownFileType = sourcecode.c.objc; path = DeviceViewController.m; sourceTree = "<group>"; };
		DD54972B1D35DF14006854EB /* ATBaseTabBarController.h */ = {isa = PBXFileReference; fileEncoding = 4; lastKnownFileType = sourcecode.c.h; path = ATBaseTabBarController.h; sourceTree = "<group>"; };
		DD54972C1D35DF14006854EB /* ATBaseTabBarController.m */ = {isa = PBXFileReference; fileEncoding = 4; lastKnownFileType = sourcecode.c.objc; path = ATBaseTabBarController.m; sourceTree = "<group>"; };
		DD5497331D35E0CD006854EB /* UIBarButtonItem+ATItem.h */ = {isa = PBXFileReference; fileEncoding = 4; lastKnownFileType = sourcecode.c.h; path = "UIBarButtonItem+ATItem.h"; sourceTree = "<group>"; };
		DD5497341D35E0CD006854EB /* UIBarButtonItem+ATItem.m */ = {isa = PBXFileReference; fileEncoding = 4; lastKnownFileType = sourcecode.c.objc; path = "UIBarButtonItem+ATItem.m"; sourceTree = "<group>"; };
		DD5497371D35E0CD006854EB /* UIImageView+GetColorAtPixel.h */ = {isa = PBXFileReference; fileEncoding = 4; lastKnownFileType = sourcecode.c.h; path = "UIImageView+GetColorAtPixel.h"; sourceTree = "<group>"; };
		DD5497381D35E0CD006854EB /* UIImageView+GetColorAtPixel.m */ = {isa = PBXFileReference; fileEncoding = 4; lastKnownFileType = sourcecode.c.objc; path = "UIImageView+GetColorAtPixel.m"; sourceTree = "<group>"; };
		DD54973B1D35E0CD006854EB /* UITextField+ATText.h */ = {isa = PBXFileReference; fileEncoding = 4; lastKnownFileType = sourcecode.c.h; path = "UITextField+ATText.h"; sourceTree = "<group>"; };
		DD54973C1D35E0CD006854EB /* UITextField+ATText.m */ = {isa = PBXFileReference; fileEncoding = 4; lastKnownFileType = sourcecode.c.objc; path = "UITextField+ATText.m"; sourceTree = "<group>"; };
		DD54973D1D35E0CD006854EB /* UIView+ATRect.h */ = {isa = PBXFileReference; fileEncoding = 4; lastKnownFileType = sourcecode.c.h; path = "UIView+ATRect.h"; sourceTree = "<group>"; };
		DD54973E1D35E0CD006854EB /* UIView+ATRect.m */ = {isa = PBXFileReference; fileEncoding = 4; lastKnownFileType = sourcecode.c.objc; path = "UIView+ATRect.m"; sourceTree = "<group>"; };
		DD54973F1D35E0CD006854EB /* UIViewController+ATScreenGesture.h */ = {isa = PBXFileReference; fileEncoding = 4; lastKnownFileType = sourcecode.c.h; path = "UIViewController+ATScreenGesture.h"; sourceTree = "<group>"; };
		DD5497401D35E0CD006854EB /* UIViewController+ATScreenGesture.m */ = {isa = PBXFileReference; fileEncoding = 4; lastKnownFileType = sourcecode.c.objc; path = "UIViewController+ATScreenGesture.m"; sourceTree = "<group>"; };
		DD5497481D35E101006854EB /* UITabBarController+ATBaseController.h */ = {isa = PBXFileReference; fileEncoding = 4; lastKnownFileType = sourcecode.c.h; path = "UITabBarController+ATBaseController.h"; sourceTree = "<group>"; };
		DD5497491D35E101006854EB /* UITabBarController+ATBaseController.m */ = {isa = PBXFileReference; fileEncoding = 4; lastKnownFileType = sourcecode.c.objc; path = "UITabBarController+ATBaseController.m"; sourceTree = "<group>"; };
		DD5497521D35E9DA006854EB /* ATTabBar.h */ = {isa = PBXFileReference; fileEncoding = 4; lastKnownFileType = sourcecode.c.h; path = ATTabBar.h; sourceTree = "<group>"; };
		DD5497531D35E9DA006854EB /* ATTabBar.m */ = {isa = PBXFileReference; fileEncoding = 4; lastKnownFileType = sourcecode.c.objc; path = ATTabBar.m; sourceTree = "<group>"; };
		DD5497611D361B50006854EB /* ATRadarAnimationView.h */ = {isa = PBXFileReference; fileEncoding = 4; lastKnownFileType = sourcecode.c.h; name = ATRadarAnimationView.h; path = Classes/Others/Animation/ATRadarAnimationView.h; sourceTree = "<group>"; };
		DD5497621D361B50006854EB /* ATRadarAnimationView.m */ = {isa = PBXFileReference; fileEncoding = 4; lastKnownFileType = sourcecode.c.objc; name = ATRadarAnimationView.m; path = Classes/Others/Animation/ATRadarAnimationView.m; sourceTree = "<group>"; };
		DD5497641D361B51006854EB /* Slice 1.png */ = {isa = PBXFileReference; lastKnownFileType = image.png; path = "Slice 1.png"; sourceTree = "<group>"; };
		DD5497671D362A5D006854EB /* SceneTableViewCell.h */ = {isa = PBXFileReference; fileEncoding = 4; lastKnownFileType = sourcecode.c.h; path = SceneTableViewCell.h; sourceTree = "<group>"; };
		DD5497681D362A5D006854EB /* SceneTableViewCell.m */ = {isa = PBXFileReference; fileEncoding = 4; lastKnownFileType = sourcecode.c.objc; path = SceneTableViewCell.m; sourceTree = "<group>"; };
		DD5497691D362A5D006854EB /* SceneTableViewCell.xib */ = {isa = PBXFileReference; fileEncoding = 4; lastKnownFileType = file.xib; path = SceneTableViewCell.xib; sourceTree = "<group>"; };
		DD54976F1D363BB3006854EB /* Scene.xcassets */ = {isa = PBXFileReference; lastKnownFileType = folder.assetcatalog; path = Scene.xcassets; sourceTree = "<group>"; };
		DD5497861D379222006854EB /* ATColorManager.h */ = {isa = PBXFileReference; fileEncoding = 4; lastKnownFileType = sourcecode.c.h; path = ATColorManager.h; sourceTree = "<group>"; };
		DD5497871D379222006854EB /* ATColorManager.m */ = {isa = PBXFileReference; fileEncoding = 4; lastKnownFileType = sourcecode.c.objc; path = ATColorManager.m; sourceTree = "<group>"; };
		DD54978E1D37AC94006854EB /* Home.xcassets */ = {isa = PBXFileReference; lastKnownFileType = folder.assetcatalog; path = Home.xcassets; sourceTree = "<group>"; };
		DD84648C1D20F90A00B7CB98 /* PrefixHeader.pch */ = {isa = PBXFileReference; lastKnownFileType = sourcecode.c.h; path = PrefixHeader.pch; sourceTree = "<group>"; };
		DD8464991D210A7100B7CB98 /* LeftViewController.plist */ = {isa = PBXFileReference; fileEncoding = 4; lastKnownFileType = text.plist.xml; path = LeftViewController.plist; sourceTree = "<group>"; };
		DDC0AFCD1CC8C29100B669A1 /* SmartLamp.app */ = {isa = PBXFileReference; explicitFileType = wrapper.application; includeInIndex = 0; path = SmartLamp.app; sourceTree = BUILT_PRODUCTS_DIR; };
		DDC0AFD11CC8C29100B669A1 /* main.m */ = {isa = PBXFileReference; lastKnownFileType = sourcecode.c.objc; path = main.m; sourceTree = "<group>"; };
		DDC0AFD31CC8C29100B669A1 /* AppDelegate.h */ = {isa = PBXFileReference; lastKnownFileType = sourcecode.c.h; path = AppDelegate.h; sourceTree = "<group>"; };
		DDC0AFD41CC8C29100B669A1 /* AppDelegate.m */ = {isa = PBXFileReference; lastKnownFileType = sourcecode.c.objc; path = AppDelegate.m; sourceTree = "<group>"; };
		DDC0AFE11CC8C29100B669A1 /* Info.plist */ = {isa = PBXFileReference; lastKnownFileType = text.plist.xml; path = Info.plist; sourceTree = "<group>"; };
		DDC0AFE61CC8C29100B669A1 /* SmartLampTests.xctest */ = {isa = PBXFileReference; explicitFileType = wrapper.cfbundle; includeInIndex = 0; path = SmartLampTests.xctest; sourceTree = BUILT_PRODUCTS_DIR; };
		DDC0AFEA1CC8C29100B669A1 /* SmartLampTests.m */ = {isa = PBXFileReference; lastKnownFileType = sourcecode.c.objc; path = SmartLampTests.m; sourceTree = "<group>"; };
		DDC0AFEC1CC8C29100B669A1 /* Info.plist */ = {isa = PBXFileReference; lastKnownFileType = text.plist.xml; path = Info.plist; sourceTree = "<group>"; };
		DDC0AFF11CC8C29100B669A1 /* SmartLampUITests.xctest */ = {isa = PBXFileReference; explicitFileType = wrapper.cfbundle; includeInIndex = 0; path = SmartLampUITests.xctest; sourceTree = BUILT_PRODUCTS_DIR; };
		DDC0AFF51CC8C29100B669A1 /* SmartLampUITests.m */ = {isa = PBXFileReference; lastKnownFileType = sourcecode.c.objc; path = SmartLampUITests.m; sourceTree = "<group>"; };
		DDC0AFF71CC8C29100B669A1 /* Info.plist */ = {isa = PBXFileReference; lastKnownFileType = text.plist.xml; path = Info.plist; sourceTree = "<group>"; };
		DDD93B771D3E08350022F2E7 /* ATMaterialButton.h */ = {isa = PBXFileReference; fileEncoding = 4; lastKnownFileType = sourcecode.c.h; path = ATMaterialButton.h; sourceTree = "<group>"; };
		DDD93B781D3E08350022F2E7 /* ATMaterialButton.m */ = {isa = PBXFileReference; fileEncoding = 4; lastKnownFileType = sourcecode.c.objc; path = ATMaterialButton.m; sourceTree = "<group>"; };
		DDD93B871D3E17F60022F2E7 /* ColorModeView.h */ = {isa = PBXFileReference; fileEncoding = 4; lastKnownFileType = sourcecode.c.h; path = ColorModeView.h; sourceTree = "<group>"; };
		DDD93B881D3E17F60022F2E7 /* ColorModeView.m */ = {isa = PBXFileReference; fileEncoding = 4; lastKnownFileType = sourcecode.c.objc; path = ColorModeView.m; sourceTree = "<group>"; };
		DDD93B8A1D3E18160022F2E7 /* TimerView.h */ = {isa = PBXFileReference; fileEncoding = 4; lastKnownFileType = sourcecode.c.h; path = TimerView.h; sourceTree = "<group>"; };
		DDD93B8B1D3E18160022F2E7 /* TimerView.m */ = {isa = PBXFileReference; fileEncoding = 4; lastKnownFileType = sourcecode.c.objc; path = TimerView.m; sourceTree = "<group>"; };
		DDD93B8D1D3E182C0022F2E7 /* StatusView.h */ = {isa = PBXFileReference; fileEncoding = 4; lastKnownFileType = sourcecode.c.h; path = StatusView.h; sourceTree = "<group>"; };
		DDD93B8E1D3E182C0022F2E7 /* StatusView.m */ = {isa = PBXFileReference; fileEncoding = 4; lastKnownFileType = sourcecode.c.objc; path = StatusView.m; sourceTree = "<group>"; };
		DDD93B941D3E186D0022F2E7 /* ColorModeView.xib */ = {isa = PBXFileReference; fileEncoding = 4; lastKnownFileType = file.xib; path = ColorModeView.xib; sourceTree = "<group>"; };
		DDD93B961D3E18750022F2E7 /* TimerView.xib */ = {isa = PBXFileReference; fileEncoding = 4; lastKnownFileType = file.xib; path = TimerView.xib; sourceTree = "<group>"; };
		DDD93B981D3E2CC70022F2E7 /* DeviceTableViewCell.h */ = {isa = PBXFileReference; fileEncoding = 4; lastKnownFileType = sourcecode.c.h; path = DeviceTableViewCell.h; sourceTree = "<group>"; };
		DDD93B991D3E2CC70022F2E7 /* DeviceTableViewCell.m */ = {isa = PBXFileReference; fileEncoding = 4; lastKnownFileType = sourcecode.c.objc; path = DeviceTableViewCell.m; sourceTree = "<group>"; };
		DDD93B9A1D3E2CC70022F2E7 /* DeviceTableViewCell.xib */ = {isa = PBXFileReference; fileEncoding = 4; lastKnownFileType = file.xib; path = DeviceTableViewCell.xib; sourceTree = "<group>"; };
		DDD93BA01D3E37F40022F2E7 /* ATToolBar.h */ = {isa = PBXFileReference; fileEncoding = 4; lastKnownFileType = sourcecode.c.h; path = ATToolBar.h; sourceTree = "<group>"; };
		DDD93BA11D3E37F40022F2E7 /* ATToolBar.m */ = {isa = PBXFileReference; fileEncoding = 4; lastKnownFileType = sourcecode.c.objc; path = ATToolBar.m; sourceTree = "<group>"; };
		DDD93BA31D3E67E30022F2E7 /* SCLAlertView+ATAlertView.h */ = {isa = PBXFileReference; fileEncoding = 4; lastKnownFileType = sourcecode.c.h; path = "SCLAlertView+ATAlertView.h"; sourceTree = "<group>"; };
		DDD93BA41D3E67E30022F2E7 /* SCLAlertView+ATAlertView.m */ = {isa = PBXFileReference; fileEncoding = 4; lastKnownFileType = sourcecode.c.objc; path = "SCLAlertView+ATAlertView.m"; sourceTree = "<group>"; };
/* End PBXFileReference section */

/* Begin PBXFrameworksBuildPhase section */
		DDC0AFCA1CC8C29100B669A1 /* Frameworks */ = {
			isa = PBXFrameworksBuildPhase;
			buildActionMask = 2147483647;
			files = (
				B95FE0DF9EF4ADF6D2ADF4E5 /* libPods-SmartLamp.a in Frameworks */,
			);
			runOnlyForDeploymentPostprocessing = 0;
		};
		DDC0AFE31CC8C29100B669A1 /* Frameworks */ = {
			isa = PBXFrameworksBuildPhase;
			buildActionMask = 2147483647;
			files = (
			);
			runOnlyForDeploymentPostprocessing = 0;
		};
		DDC0AFEE1CC8C29100B669A1 /* Frameworks */ = {
			isa = PBXFrameworksBuildPhase;
			buildActionMask = 2147483647;
			files = (
			);
			runOnlyForDeploymentPostprocessing = 0;
		};
/* End PBXFrameworksBuildPhase section */

/* Begin PBXGroup section */
		10109E38E0F7215FA2F7CAD0 /* Frameworks */ = {
			isa = PBXGroup;
			children = (
				4AC3432B358A2F20F30EBE47 /* libPods-SmartLamp.a */,
			);
			name = Frameworks;
			sourceTree = "<group>";
		};
		DD54959B1D332EEC006854EB /* Classes */ = {
			isa = PBXGroup;
			children = (
				DD5495A11D332EEC006854EB /* Model */,
				DD54959C1D332EEC006854EB /* BaseController */,
				DD54959F1D332EEC006854EB /* 主页 */,
				DD5497151D35DE64006854EB /* 情景 */,
				DD5497251D35DECE006854EB /* 设备 */,
				DD5497311D35E0CD006854EB /* Others */,
			);
			path = Classes;
			sourceTree = "<group>";
		};
		DD54959C1D332EEC006854EB /* BaseController */ = {
			isa = PBXGroup;
			children = (
				DD54959D1D332EEC006854EB /* ATRootViewController.h */,
				DD54959E1D332EEC006854EB /* ATRootViewController.m */,
				DD54972B1D35DF14006854EB /* ATBaseTabBarController.h */,
				DD54972C1D35DF14006854EB /* ATBaseTabBarController.m */,
				DD5496081D333992006854EB /* ATBaseNavigationController.h */,
				DD5496091D333992006854EB /* ATBaseNavigationController.m */,
				DD54960B1D3339A6006854EB /* ATBaseViewController.h */,
				DD54960C1D3339A6006854EB /* ATBaseViewController.m */,
				DD54961D1D3348F3006854EB /* BaseController.xcassets */,
			);
			path = BaseController;
			sourceTree = "<group>";
		};
		DD54959F1D332EEC006854EB /* 主页 */ = {
			isa = PBXGroup;
			children = (
				DD54971B1D35DEA4006854EB /* HomeViewController.h */,
				DD54971C1D35DEA4006854EB /* HomeViewController.m */,
				DD54971D1D35DEA4006854EB /* HomeViewController.xib */,
				DD54978E1D37AC94006854EB /* Home.xcassets */,
				DDD93B7F1D3E14C70022F2E7 /* Status */,
				DDD93B851D3E15120022F2E7 /* ColorMode */,
				DDD93B861D3E15120022F2E7 /* Timer */,
			);
			name = "主页";
			path = Homepage;
			sourceTree = "<group>";
		};
		DD5495A11D332EEC006854EB /* Model */ = {
			isa = PBXGroup;
			children = (
				DD5495A21D332EEC006854EB /* ATCentralManager.h */,
				DD5495A31D332EEC006854EB /* ATCentralManager.m */,
				DD5495A41D332EEC006854EB /* ATFileManager.h */,
				DD5495A51D332EEC006854EB /* ATFileManager.m */,
				DD5495A61D332EEC006854EB /* ATProfiles.h */,
				DD5495A71D332EEC006854EB /* ATProfiles.m */,
			);
			path = Model;
			sourceTree = "<group>";
		};
		DD5497151D35DE64006854EB /* 情景 */ = {
			isa = PBXGroup;
			children = (
				DD5497161D35DE80006854EB /* SceneViewController.h */,
				DD5497171D35DE80006854EB /* SceneViewController.m */,
				DD5497671D362A5D006854EB /* SceneTableViewCell.h */,
				DD5497681D362A5D006854EB /* SceneTableViewCell.m */,
				DD5497691D362A5D006854EB /* SceneTableViewCell.xib */,
				DD54976F1D363BB3006854EB /* Scene.xcassets */,
			);
			name = "情景";
			path = Scene;
			sourceTree = "<group>";
		};
		DD5497251D35DECE006854EB /* 设备 */ = {
			isa = PBXGroup;
			children = (
				DD5497261D35DEDA006854EB /* DeviceViewController.h */,
				DD5497271D35DEDA006854EB /* DeviceViewController.m */,
				DDD93B981D3E2CC70022F2E7 /* DeviceTableViewCell.h */,
				DDD93B991D3E2CC70022F2E7 /* DeviceTableViewCell.m */,
				DDD93B9A1D3E2CC70022F2E7 /* DeviceTableViewCell.xib */,
				DD323EB21D40ECDF00B22E76 /* Device.xcassets */,
			);
			name = "设备";
			path = Device;
			sourceTree = "<group>";
		};
		DD5497311D35E0CD006854EB /* Others */ = {
			isa = PBXGroup;
			children = (
				DD5497551D35E9DE006854EB /* View */,
				DD5497321D35E0CD006854EB /* Category */,
			);
			path = Others;
			sourceTree = "<group>";
		};
		DD5497321D35E0CD006854EB /* Category */ = {
			isa = PBXGroup;
			children = (
				DD54973F1D35E0CD006854EB /* UIViewController+ATScreenGesture.h */,
				DD5497401D35E0CD006854EB /* UIViewController+ATScreenGesture.m */,
				DDD93BA31D3E67E30022F2E7 /* SCLAlertView+ATAlertView.h */,
				DDD93BA41D3E67E30022F2E7 /* SCLAlertView+ATAlertView.m */,
				DD5497481D35E101006854EB /* UITabBarController+ATBaseController.h */,
				DD5497491D35E101006854EB /* UITabBarController+ATBaseController.m */,
				DD5497331D35E0CD006854EB /* UIBarButtonItem+ATItem.h */,
				DD5497341D35E0CD006854EB /* UIBarButtonItem+ATItem.m */,
				DD5497371D35E0CD006854EB /* UIImageView+GetColorAtPixel.h */,
				DD5497381D35E0CD006854EB /* UIImageView+GetColorAtPixel.m */,
				DD54973B1D35E0CD006854EB /* UITextField+ATText.h */,
				DD54973C1D35E0CD006854EB /* UITextField+ATText.m */,
				DD54973D1D35E0CD006854EB /* UIView+ATRect.h */,
				DD54973E1D35E0CD006854EB /* UIView+ATRect.m */,
			);
			path = Category;
			sourceTree = "<group>";
		};
		DD5497551D35E9DE006854EB /* View */ = {
			isa = PBXGroup;
			children = (
				DD5497861D379222006854EB /* ATColorManager.h */,
				DD5497871D379222006854EB /* ATColorManager.m */,
				DDD93B771D3E08350022F2E7 /* ATMaterialButton.h */,
				DDD93B781D3E08350022F2E7 /* ATMaterialButton.m */,
				DDD93BA01D3E37F40022F2E7 /* ATToolBar.h */,
				DDD93BA11D3E37F40022F2E7 /* ATToolBar.m */,
				DD5497521D35E9DA006854EB /* ATTabBar.h */,
				DD5497531D35E9DA006854EB /* ATTabBar.m */,
			);
			name = View;
			sourceTree = "<group>";
		};
		DD5497631D361B51006854EB /* images */ = {
			isa = PBXGroup;
			children = (
				DD5497641D361B51006854EB /* Slice 1.png */,
			);
			name = images;
			path = Classes/Others/Animation/images;
			sourceTree = "<group>";
		};
		DDC0AFC41CC8C29100B669A1 = {
			isa = PBXGroup;
			children = (
				DDC0AFCF1CC8C29100B669A1 /* SmartLamp */,
				DDC0AFE91CC8C29100B669A1 /* SmartLampTests */,
				DDC0AFF41CC8C29100B669A1 /* SmartLampUITests */,
				DDC0AFCE1CC8C29100B669A1 /* Products */,
				F370DC93BB09F4B4A628CF38 /* Pods */,
				10109E38E0F7215FA2F7CAD0 /* Frameworks */,
			);
			sourceTree = "<group>";
		};
		DDC0AFCE1CC8C29100B669A1 /* Products */ = {
			isa = PBXGroup;
			children = (
				DDC0AFCD1CC8C29100B669A1 /* SmartLamp.app */,
				DDC0AFE61CC8C29100B669A1 /* SmartLampTests.xctest */,
				DDC0AFF11CC8C29100B669A1 /* SmartLampUITests.xctest */,
			);
			name = Products;
			sourceTree = "<group>";
		};
		DDC0AFCF1CC8C29100B669A1 /* SmartLamp */ = {
			isa = PBXGroup;
			children = (
				DD54959B1D332EEC006854EB /* Classes */,
				DDC0AFD01CC8C29100B669A1 /* Supporting Files */,
			);
			path = SmartLamp;
			sourceTree = "<group>";
		};
		DDC0AFD01CC8C29100B669A1 /* Supporting Files */ = {
			isa = PBXGroup;
			children = (
				DD5497611D361B50006854EB /* ATRadarAnimationView.h */,
				DD5497621D361B50006854EB /* ATRadarAnimationView.m */,
				DD5497631D361B51006854EB /* images */,
				DD84648C1D20F90A00B7CB98 /* PrefixHeader.pch */,
				DD5495ED1D3334F7006854EB /* Asset.xcassets */,
				DD8464991D210A7100B7CB98 /* LeftViewController.plist */,
				DDC0AFE11CC8C29100B669A1 /* Info.plist */,
				DDC0AFD11CC8C29100B669A1 /* main.m */,
				DDC0AFD31CC8C29100B669A1 /* AppDelegate.h */,
				DDC0AFD41CC8C29100B669A1 /* AppDelegate.m */,
			);
			name = "Supporting Files";
			sourceTree = "<group>";
		};
		DDC0AFE91CC8C29100B669A1 /* SmartLampTests */ = {
			isa = PBXGroup;
			children = (
				DDC0AFEA1CC8C29100B669A1 /* SmartLampTests.m */,
				DDC0AFEC1CC8C29100B669A1 /* Info.plist */,
			);
			path = SmartLampTests;
			sourceTree = "<group>";
		};
		DDC0AFF41CC8C29100B669A1 /* SmartLampUITests */ = {
			isa = PBXGroup;
			children = (
				DDC0AFF51CC8C29100B669A1 /* SmartLampUITests.m */,
				DDC0AFF71CC8C29100B669A1 /* Info.plist */,
			);
			path = SmartLampUITests;
			sourceTree = "<group>";
		};
		DDD93B7F1D3E14C70022F2E7 /* Status */ = {
			isa = PBXGroup;
			children = (
				DDD93B8D1D3E182C0022F2E7 /* StatusView.h */,
				DDD93B8E1D3E182C0022F2E7 /* StatusView.m */,
				DD323EA41D3FB65D00B22E76 /* StatusView.xib */,
			);
			name = Status;
			path = SmartLamp/Classes/HomePage/Status;
			sourceTree = SOURCE_ROOT;
		};
		DDD93B851D3E15120022F2E7 /* ColorMode */ = {
			isa = PBXGroup;
			children = (
				DDD93B871D3E17F60022F2E7 /* ColorModeView.h */,
				DDD93B881D3E17F60022F2E7 /* ColorModeView.m */,
				DDD93B941D3E186D0022F2E7 /* ColorModeView.xib */,
			);
			name = ColorMode;
			path = SmartLamp/Classes/HomePage/ColorMode;
			sourceTree = SOURCE_ROOT;
		};
		DDD93B861D3E15120022F2E7 /* Timer */ = {
			isa = PBXGroup;
			children = (
				DDD93B8A1D3E18160022F2E7 /* TimerView.h */,
				DDD93B8B1D3E18160022F2E7 /* TimerView.m */,
				DDD93B961D3E18750022F2E7 /* TimerView.xib */,
			);
			name = Timer;
			path = SmartLamp/Classes/HomePage/Timer;
			sourceTree = SOURCE_ROOT;
		};
		F370DC93BB09F4B4A628CF38 /* Pods */ = {
			isa = PBXGroup;
			children = (
				8B596CB49C7F89149175F7E2 /* Pods-SmartLamp.debug.xcconfig */,
				98D708CCDAEE63C59251A120 /* Pods-SmartLamp.release.xcconfig */,
			);
			name = Pods;
			sourceTree = "<group>";
		};
/* End PBXGroup section */

/* Begin PBXNativeTarget section */
		DDC0AFCC1CC8C29100B669A1 /* SmartLamp */ = {
			isa = PBXNativeTarget;
			buildConfigurationList = DDC0AFFA1CC8C29100B669A1 /* Build configuration list for PBXNativeTarget "SmartLamp" */;
			buildPhases = (
				701EB5A36EF4F411C458E4F8 /* 📦 Check Pods Manifest.lock */,
				DDC0AFC91CC8C29100B669A1 /* Sources */,
				DDC0AFCA1CC8C29100B669A1 /* Frameworks */,
				DDC0AFCB1CC8C29100B669A1 /* Resources */,
				81AA24985FA1F3AFD9D970E3 /* 📦 Embed Pods Frameworks */,
				79B888A9208CD5C49D48901C /* 📦 Copy Pods Resources */,
			);
			buildRules = (
			);
			dependencies = (
			);
			name = SmartLamp;
			productName = SmartLamp;
			productReference = DDC0AFCD1CC8C29100B669A1 /* SmartLamp.app */;
			productType = "com.apple.product-type.application";
		};
		DDC0AFE51CC8C29100B669A1 /* SmartLampTests */ = {
			isa = PBXNativeTarget;
			buildConfigurationList = DDC0AFFD1CC8C29100B669A1 /* Build configuration list for PBXNativeTarget "SmartLampTests" */;
			buildPhases = (
				DDC0AFE21CC8C29100B669A1 /* Sources */,
				DDC0AFE31CC8C29100B669A1 /* Frameworks */,
				DDC0AFE41CC8C29100B669A1 /* Resources */,
			);
			buildRules = (
			);
			dependencies = (
				DDC0AFE81CC8C29100B669A1 /* PBXTargetDependency */,
			);
			name = SmartLampTests;
			productName = SmartLampTests;
			productReference = DDC0AFE61CC8C29100B669A1 /* SmartLampTests.xctest */;
			productType = "com.apple.product-type.bundle.unit-test";
		};
		DDC0AFF01CC8C29100B669A1 /* SmartLampUITests */ = {
			isa = PBXNativeTarget;
			buildConfigurationList = DDC0B0001CC8C29100B669A1 /* Build configuration list for PBXNativeTarget "SmartLampUITests" */;
			buildPhases = (
				DDC0AFED1CC8C29100B669A1 /* Sources */,
				DDC0AFEE1CC8C29100B669A1 /* Frameworks */,
				DDC0AFEF1CC8C29100B669A1 /* Resources */,
			);
			buildRules = (
			);
			dependencies = (
				DDC0AFF31CC8C29100B669A1 /* PBXTargetDependency */,
			);
			name = SmartLampUITests;
			productName = SmartLampUITests;
			productReference = DDC0AFF11CC8C29100B669A1 /* SmartLampUITests.xctest */;
			productType = "com.apple.product-type.bundle.ui-testing";
		};
/* End PBXNativeTarget section */

/* Begin PBXProject section */
		DDC0AFC51CC8C29100B669A1 /* Project object */ = {
			isa = PBXProject;
			attributes = {
				CLASSPREFIX = AT;
				LastUpgradeCheck = 0730;
				ORGANIZATIONNAME = "Titan Studio";
				TargetAttributes = {
					DDC0AFCC1CC8C29100B669A1 = {
						CreatedOnToolsVersion = 7.3;
						DevelopmentTeam = 6C36HX8DP4;
					};
					DDC0AFE51CC8C29100B669A1 = {
						CreatedOnToolsVersion = 7.3;
						DevelopmentTeam = 6C36HX8DP4;
						TestTargetID = DDC0AFCC1CC8C29100B669A1;
					};
					DDC0AFF01CC8C29100B669A1 = {
						CreatedOnToolsVersion = 7.3;
						DevelopmentTeam = 6C36HX8DP4;
						TestTargetID = DDC0AFCC1CC8C29100B669A1;
					};
				};
			};
			buildConfigurationList = DDC0AFC81CC8C29100B669A1 /* Build configuration list for PBXProject "SmartLamp" */;
			compatibilityVersion = "Xcode 3.2";
			developmentRegion = English;
			hasScannedForEncodings = 0;
			knownRegions = (
				en,
				Base,
			);
			mainGroup = DDC0AFC41CC8C29100B669A1;
			productRefGroup = DDC0AFCE1CC8C29100B669A1 /* Products */;
			projectDirPath = "";
			projectRoot = "";
			targets = (
				DDC0AFCC1CC8C29100B669A1 /* SmartLamp */,
				DDC0AFE51CC8C29100B669A1 /* SmartLampTests */,
				DDC0AFF01CC8C29100B669A1 /* SmartLampUITests */,
			);
		};
/* End PBXProject section */

/* Begin PBXResourcesBuildPhase section */
		DDC0AFCB1CC8C29100B669A1 /* Resources */ = {
			isa = PBXResourcesBuildPhase;
			buildActionMask = 2147483647;
			files = (
				DD54961E1D3348F3006854EB /* BaseController.xcassets in Resources */,
				DD84649A1D210A7100B7CB98 /* LeftViewController.plist in Resources */,
				DDD93B9C1D3E2CC70022F2E7 /* DeviceTableViewCell.xib in Resources */,
				DD5497701D363BB3006854EB /* Scene.xcassets in Resources */,
				DD54976B1D362A5D006854EB /* SceneTableViewCell.xib in Resources */,
				DD54978F1D37AC94006854EB /* Home.xcassets in Resources */,
				DD5495EE1D3334F7006854EB /* Asset.xcassets in Resources */,
				DDD93B951D3E186D0022F2E7 /* ColorModeView.xib in Resources */,
				DDD93B971D3E18750022F2E7 /* TimerView.xib in Resources */,
				DD323EB31D40ECDF00B22E76 /* Device.xcassets in Resources */,
				DD54971F1D35DEA4006854EB /* HomeViewController.xib in Resources */,
				DD323EA51D3FB65D00B22E76 /* StatusView.xib in Resources */,
				DD5497661D361B51006854EB /* Slice 1.png in Resources */,
			);
			runOnlyForDeploymentPostprocessing = 0;
		};
		DDC0AFE41CC8C29100B669A1 /* Resources */ = {
			isa = PBXResourcesBuildPhase;
			buildActionMask = 2147483647;
			files = (
			);
			runOnlyForDeploymentPostprocessing = 0;
		};
		DDC0AFEF1CC8C29100B669A1 /* Resources */ = {
			isa = PBXResourcesBuildPhase;
			buildActionMask = 2147483647;
			files = (
			);
			runOnlyForDeploymentPostprocessing = 0;
		};
/* End PBXResourcesBuildPhase section */

/* Begin PBXShellScriptBuildPhase section */
		701EB5A36EF4F411C458E4F8 /* 📦 Check Pods Manifest.lock */ = {
			isa = PBXShellScriptBuildPhase;
			buildActionMask = 2147483647;
			files = (
			);
			inputPaths = (
			);
			name = "📦 Check Pods Manifest.lock";
			outputPaths = (
			);
			runOnlyForDeploymentPostprocessing = 0;
			shellPath = /bin/sh;
			shellScript = "diff \"${PODS_ROOT}/../Podfile.lock\" \"${PODS_ROOT}/Manifest.lock\" > /dev/null\nif [[ $? != 0 ]] ; then\n    cat << EOM\nerror: The sandbox is not in sync with the Podfile.lock. Run 'pod install' or update your CocoaPods installation.\nEOM\n    exit 1\nfi\n";
			showEnvVarsInLog = 0;
		};
		79B888A9208CD5C49D48901C /* 📦 Copy Pods Resources */ = {
			isa = PBXShellScriptBuildPhase;
			buildActionMask = 2147483647;
			files = (
			);
			inputPaths = (
			);
			name = "📦 Copy Pods Resources";
			outputPaths = (
			);
			runOnlyForDeploymentPostprocessing = 0;
			shellPath = /bin/sh;
			shellScript = "\"${SRCROOT}/Pods/Target Support Files/Pods-SmartLamp/Pods-SmartLamp-resources.sh\"\n";
			showEnvVarsInLog = 0;
		};
		81AA24985FA1F3AFD9D970E3 /* 📦 Embed Pods Frameworks */ = {
			isa = PBXShellScriptBuildPhase;
			buildActionMask = 2147483647;
			files = (
			);
			inputPaths = (
			);
			name = "📦 Embed Pods Frameworks";
			outputPaths = (
			);
			runOnlyForDeploymentPostprocessing = 0;
			shellPath = /bin/sh;
			shellScript = "\"${SRCROOT}/Pods/Target Support Files/Pods-SmartLamp/Pods-SmartLamp-frameworks.sh\"\n";
			showEnvVarsInLog = 0;
		};
/* End PBXShellScriptBuildPhase section */

/* Begin PBXSourcesBuildPhase section */
		DDC0AFC91CC8C29100B669A1 /* Sources */ = {
			isa = PBXSourcesBuildPhase;
			buildActionMask = 2147483647;
			files = (
				DD5497541D35E9DA006854EB /* ATTabBar.m in Sources */,
				DDD93B791D3E08350022F2E7 /* ATMaterialButton.m in Sources */,
				DD5495BC1D332EEC006854EB /* ATProfiles.m in Sources */,
				DD5495B91D332EEC006854EB /* ATRootViewController.m in Sources */,
				DD54960D1D3339A6006854EB /* ATBaseViewController.m in Sources */,
				DDD93B891D3E17F60022F2E7 /* ColorModeView.m in Sources */,
				DD54976A1D362A5D006854EB /* SceneTableViewCell.m in Sources */,
				DDD93B9B1D3E2CC70022F2E7 /* DeviceTableViewCell.m in Sources */,
				DDD93BA21D3E37F40022F2E7 /* ATToolBar.m in Sources */,
				DD54960A1D333992006854EB /* ATBaseNavigationController.m in Sources */,
				DDC0AFD51CC8C29100B669A1 /* AppDelegate.m in Sources */,
				DD5495BA1D332EEC006854EB /* ATCentralManager.m in Sources */,
				DD54974A1D35E101006854EB /* UITabBarController+ATBaseController.m in Sources */,
				DD5497291D35DEDA006854EB /* DeviceViewController.m in Sources */,
				DD5497881D379222006854EB /* ATColorManager.m in Sources */,
				DD5497471D35E0CD006854EB /* UIViewController+ATScreenGesture.m in Sources */,
				DD5497451D35E0CD006854EB /* UITextField+ATText.m in Sources */,
				DDD93B8F1D3E182C0022F2E7 /* StatusView.m in Sources */,
				DD54971E1D35DEA4006854EB /* HomeViewController.m in Sources */,
				DDD93BA51D3E67E30022F2E7 /* SCLAlertView+ATAlertView.m in Sources */,
				DDC0AFD21CC8C29100B669A1 /* main.m in Sources */,
				DD5497461D35E0CD006854EB /* UIView+ATRect.m in Sources */,
				DD5497431D35E0CD006854EB /* UIImageView+GetColorAtPixel.m in Sources */,
				DD5497651D361B51006854EB /* ATRadarAnimationView.m in Sources */,
				DDD93B8C1D3E18160022F2E7 /* TimerView.m in Sources */,
				DD5497411D35E0CD006854EB /* UIBarButtonItem+ATItem.m in Sources */,
				DD5497191D35DE80006854EB /* SceneViewController.m in Sources */,
				DD54972D1D35DF14006854EB /* ATBaseTabBarController.m in Sources */,
				DD5495BB1D332EEC006854EB /* ATFileManager.m in Sources */,
			);
			runOnlyForDeploymentPostprocessing = 0;
		};
		DDC0AFE21CC8C29100B669A1 /* Sources */ = {
			isa = PBXSourcesBuildPhase;
			buildActionMask = 2147483647;
			files = (
				DDC0AFEB1CC8C29100B669A1 /* SmartLampTests.m in Sources */,
			);
			runOnlyForDeploymentPostprocessing = 0;
		};
		DDC0AFED1CC8C29100B669A1 /* Sources */ = {
			isa = PBXSourcesBuildPhase;
			buildActionMask = 2147483647;
			files = (
				DDC0AFF61CC8C29100B669A1 /* SmartLampUITests.m in Sources */,
			);
			runOnlyForDeploymentPostprocessing = 0;
		};
/* End PBXSourcesBuildPhase section */

/* Begin PBXTargetDependency section */
		DDC0AFE81CC8C29100B669A1 /* PBXTargetDependency */ = {
			isa = PBXTargetDependency;
			target = DDC0AFCC1CC8C29100B669A1 /* SmartLamp */;
			targetProxy = DDC0AFE71CC8C29100B669A1 /* PBXContainerItemProxy */;
		};
		DDC0AFF31CC8C29100B669A1 /* PBXTargetDependency */ = {
			isa = PBXTargetDependency;
			target = DDC0AFCC1CC8C29100B669A1 /* SmartLamp */;
			targetProxy = DDC0AFF21CC8C29100B669A1 /* PBXContainerItemProxy */;
		};
/* End PBXTargetDependency section */

/* Begin XCBuildConfiguration section */
		DDC0AFF81CC8C29100B669A1 /* Debug */ = {
			isa = XCBuildConfiguration;
			buildSettings = {
				ALWAYS_SEARCH_USER_PATHS = NO;
				CLANG_ANALYZER_NONNULL = YES;
				CLANG_CXX_LANGUAGE_STANDARD = "gnu++0x";
				CLANG_CXX_LIBRARY = "libc++";
				CLANG_ENABLE_MODULES = YES;
				CLANG_ENABLE_OBJC_ARC = YES;
				CLANG_WARN_BOOL_CONVERSION = YES;
				CLANG_WARN_CONSTANT_CONVERSION = YES;
				CLANG_WARN_DIRECT_OBJC_ISA_USAGE = YES_ERROR;
				CLANG_WARN_EMPTY_BODY = YES;
				CLANG_WARN_ENUM_CONVERSION = YES;
				CLANG_WARN_INT_CONVERSION = YES;
				CLANG_WARN_OBJC_ROOT_CLASS = YES_ERROR;
				CLANG_WARN_UNREACHABLE_CODE = YES;
				CLANG_WARN__DUPLICATE_METHOD_MATCH = YES;
				"CODE_SIGN_IDENTITY[sdk=iphoneos*]" = "iPhone Developer";
				COPY_PHASE_STRIP = NO;
				DEBUG_INFORMATION_FORMAT = dwarf;
				ENABLE_STRICT_OBJC_MSGSEND = YES;
				ENABLE_TESTABILITY = YES;
				GCC_C_LANGUAGE_STANDARD = gnu99;
				GCC_DYNAMIC_NO_PIC = NO;
				GCC_NO_COMMON_BLOCKS = YES;
				GCC_OPTIMIZATION_LEVEL = 0;
				GCC_PREPROCESSOR_DEFINITIONS = (
					"DEBUG=1",
					"$(inherited)",
				);
				GCC_WARN_64_TO_32_BIT_CONVERSION = YES;
				GCC_WARN_ABOUT_RETURN_TYPE = YES_ERROR;
				GCC_WARN_UNDECLARED_SELECTOR = YES;
				GCC_WARN_UNINITIALIZED_AUTOS = YES_AGGRESSIVE;
				GCC_WARN_UNUSED_FUNCTION = YES;
				GCC_WARN_UNUSED_VARIABLE = YES;
				IPHONEOS_DEPLOYMENT_TARGET = 8.0;
				MTL_ENABLE_DEBUG_INFO = YES;
				ONLY_ACTIVE_ARCH = YES;
				SDKROOT = iphoneos;
				TARGETED_DEVICE_FAMILY = "1,2";
			};
			name = Debug;
		};
		DDC0AFF91CC8C29100B669A1 /* Release */ = {
			isa = XCBuildConfiguration;
			buildSettings = {
				ALWAYS_SEARCH_USER_PATHS = NO;
				CLANG_ANALYZER_NONNULL = YES;
				CLANG_CXX_LANGUAGE_STANDARD = "gnu++0x";
				CLANG_CXX_LIBRARY = "libc++";
				CLANG_ENABLE_MODULES = YES;
				CLANG_ENABLE_OBJC_ARC = YES;
				CLANG_WARN_BOOL_CONVERSION = YES;
				CLANG_WARN_CONSTANT_CONVERSION = YES;
				CLANG_WARN_DIRECT_OBJC_ISA_USAGE = YES_ERROR;
				CLANG_WARN_EMPTY_BODY = YES;
				CLANG_WARN_ENUM_CONVERSION = YES;
				CLANG_WARN_INT_CONVERSION = YES;
				CLANG_WARN_OBJC_ROOT_CLASS = YES_ERROR;
				CLANG_WARN_UNREACHABLE_CODE = YES;
				CLANG_WARN__DUPLICATE_METHOD_MATCH = YES;
				"CODE_SIGN_IDENTITY[sdk=iphoneos*]" = "iPhone Developer";
				COPY_PHASE_STRIP = NO;
				DEBUG_INFORMATION_FORMAT = "dwarf-with-dsym";
				ENABLE_NS_ASSERTIONS = NO;
				ENABLE_STRICT_OBJC_MSGSEND = YES;
				GCC_C_LANGUAGE_STANDARD = gnu99;
				GCC_NO_COMMON_BLOCKS = YES;
				GCC_WARN_64_TO_32_BIT_CONVERSION = YES;
				GCC_WARN_ABOUT_RETURN_TYPE = YES_ERROR;
				GCC_WARN_UNDECLARED_SELECTOR = YES;
				GCC_WARN_UNINITIALIZED_AUTOS = YES_AGGRESSIVE;
				GCC_WARN_UNUSED_FUNCTION = YES;
				GCC_WARN_UNUSED_VARIABLE = YES;
				IPHONEOS_DEPLOYMENT_TARGET = 8.0;
				MTL_ENABLE_DEBUG_INFO = NO;
				SDKROOT = iphoneos;
				TARGETED_DEVICE_FAMILY = "1,2";
				VALIDATE_PRODUCT = YES;
			};
			name = Release;
		};
		DDC0AFFB1CC8C29100B669A1 /* Debug */ = {
			isa = XCBuildConfiguration;
			baseConfigurationReference = 8B596CB49C7F89149175F7E2 /* Pods-SmartLamp.debug.xcconfig */;
			buildSettings = {
				ASSETCATALOG_COMPILER_APPICON_NAME = AppIcon;
				GCC_INCREASE_PRECOMPILED_HEADER_SHARING = NO;
				GCC_PRECOMPILE_PREFIX_HEADER = NO;
				GCC_PREFIX_HEADER = "$(SRCROOT)/SmartLamp/PrefixHeader.pch";
				INFOPLIST_FILE = SmartLamp/Info.plist;
				IPHONEOS_DEPLOYMENT_TARGET = 8.0;
				LD_RUNPATH_SEARCH_PATHS = "$(inherited) @executable_path/Frameworks";
				PRODUCT_BUNDLE_IDENTIFIER = io.github.titanstudio.SmartLamp;
				PRODUCT_NAME = "$(TARGET_NAME)";
			};
			name = Debug;
		};
		DDC0AFFC1CC8C29100B669A1 /* Release */ = {
			isa = XCBuildConfiguration;
			baseConfigurationReference = 98D708CCDAEE63C59251A120 /* Pods-SmartLamp.release.xcconfig */;
			buildSettings = {
				ASSETCATALOG_COMPILER_APPICON_NAME = AppIcon;
				GCC_INCREASE_PRECOMPILED_HEADER_SHARING = NO;
				GCC_PRECOMPILE_PREFIX_HEADER = NO;
				GCC_PREFIX_HEADER = "$(SRCROOT)/SmartLamp/PrefixHeader.pch";
				INFOPLIST_FILE = SmartLamp/Info.plist;
				IPHONEOS_DEPLOYMENT_TARGET = 8.0;
				LD_RUNPATH_SEARCH_PATHS = "$(inherited) @executable_path/Frameworks";
				PRODUCT_BUNDLE_IDENTIFIER = io.github.titanstudio.SmartLamp;
				PRODUCT_NAME = "$(TARGET_NAME)";
			};
			name = Release;
		};
		DDC0AFFE1CC8C29100B669A1 /* Debug */ = {
			isa = XCBuildConfiguration;
			buildSettings = {
				BUNDLE_LOADER = "$(TEST_HOST)";
				INFOPLIST_FILE = SmartLampTests/Info.plist;
				LD_RUNPATH_SEARCH_PATHS = "$(inherited) @executable_path/Frameworks @loader_path/Frameworks";
				PRODUCT_BUNDLE_IDENTIFIER = io.github.titanstudio.SmartLampTests;
				PRODUCT_NAME = "$(TARGET_NAME)";
				TEST_HOST = "$(BUILT_PRODUCTS_DIR)/SmartLamp.app/SmartLamp";
			};
			name = Debug;
		};
		DDC0AFFF1CC8C29100B669A1 /* Release */ = {
			isa = XCBuildConfiguration;
			buildSettings = {
				BUNDLE_LOADER = "$(TEST_HOST)";
				INFOPLIST_FILE = SmartLampTests/Info.plist;
				LD_RUNPATH_SEARCH_PATHS = "$(inherited) @executable_path/Frameworks @loader_path/Frameworks";
				PRODUCT_BUNDLE_IDENTIFIER = io.github.titanstudio.SmartLampTests;
				PRODUCT_NAME = "$(TARGET_NAME)";
				TEST_HOST = "$(BUILT_PRODUCTS_DIR)/SmartLamp.app/SmartLamp";
			};
			name = Release;
		};
		DDC0B0011CC8C29100B669A1 /* Debug */ = {
			isa = XCBuildConfiguration;
			buildSettings = {
				INFOPLIST_FILE = SmartLampUITests/Info.plist;
				LD_RUNPATH_SEARCH_PATHS = "$(inherited) @executable_path/Frameworks @loader_path/Frameworks";
				PRODUCT_BUNDLE_IDENTIFIER = io.github.titanstudio.SmartLampUITests;
				PRODUCT_NAME = "$(TARGET_NAME)";
				TEST_TARGET_NAME = SmartLamp;
			};
			name = Debug;
		};
		DDC0B0021CC8C29100B669A1 /* Release */ = {
			isa = XCBuildConfiguration;
			buildSettings = {
				INFOPLIST_FILE = SmartLampUITests/Info.plist;
				LD_RUNPATH_SEARCH_PATHS = "$(inherited) @executable_path/Frameworks @loader_path/Frameworks";
				PRODUCT_BUNDLE_IDENTIFIER = io.github.titanstudio.SmartLampUITests;
				PRODUCT_NAME = "$(TARGET_NAME)";
				TEST_TARGET_NAME = SmartLamp;
			};
			name = Release;
		};
/* End XCBuildConfiguration section */

/* Begin XCConfigurationList section */
		DDC0AFC81CC8C29100B669A1 /* Build configuration list for PBXProject "SmartLamp" */ = {
			isa = XCConfigurationList;
			buildConfigurations = (
				DDC0AFF81CC8C29100B669A1 /* Debug */,
				DDC0AFF91CC8C29100B669A1 /* Release */,
			);
			defaultConfigurationIsVisible = 0;
			defaultConfigurationName = Release;
		};
		DDC0AFFA1CC8C29100B669A1 /* Build configuration list for PBXNativeTarget "SmartLamp" */ = {
			isa = XCConfigurationList;
			buildConfigurations = (
				DDC0AFFB1CC8C29100B669A1 /* Debug */,
				DDC0AFFC1CC8C29100B669A1 /* Release */,
			);
			defaultConfigurationIsVisible = 0;
			defaultConfigurationName = Release;
		};
		DDC0AFFD1CC8C29100B669A1 /* Build configuration list for PBXNativeTarget "SmartLampTests" */ = {
			isa = XCConfigurationList;
			buildConfigurations = (
				DDC0AFFE1CC8C29100B669A1 /* Debug */,
				DDC0AFFF1CC8C29100B669A1 /* Release */,
			);
			defaultConfigurationIsVisible = 0;
			defaultConfigurationName = Release;
		};
		DDC0B0001CC8C29100B669A1 /* Build configuration list for PBXNativeTarget "SmartLampUITests" */ = {
			isa = XCConfigurationList;
			buildConfigurations = (
				DDC0B0011CC8C29100B669A1 /* Debug */,
				DDC0B0021CC8C29100B669A1 /* Release */,
			);
			defaultConfigurationIsVisible = 0;
			defaultConfigurationName = Release;
		};
/* End XCConfigurationList section */
	};
	rootObject = DDC0AFC51CC8C29100B669A1 /* Project object */;
}
